// !$*UTF8*$!
{
	archiveVersion = 1;
	classes = {
	};
	objectVersion = 56;
	objects = {

/* Begin PBXBuildFile section */
		02101C0D2DA84EA600ADF6A5 /* AuthorizationModel.swift in Sources */ = {isa = PBXBuildFile; fileRef = 02101C0C2DA84EA600ADF6A5 /* AuthorizationModel.swift */; };
		0288EEF52DBBCBDC0077AA20 /* Constants.swift in Sources */ = {isa = PBXBuildFile; fileRef = CE4D24C42D95C88400325BAE /* Constants.swift */; };
		029039C82D999414008973F2 /* AuthorizationLoginView.swift in Sources */ = {isa = PBXBuildFile; fileRef = 029039C72D999414008973F2 /* AuthorizationLoginView.swift */; };
		029039CA2D999429008973F2 /* AuthorizationSignupView.swift in Sources */ = {isa = PBXBuildFile; fileRef = 029039C92D999429008973F2 /* AuthorizationSignupView.swift */; };
		02B31D3F2D8C4DE800EC9031 /* AuthorizationViewController.swift in Sources */ = {isa = PBXBuildFile; fileRef = 02B31D3D2D8C4DE800EC9031 /* AuthorizationViewController.swift */; };
		02B31D402D8C4DE800EC9031 /* AuthorizationView.swift in Sources */ = {isa = PBXBuildFile; fileRef = 02B31D3C2D8C4DE800EC9031 /* AuthorizationView.swift */; };
		02B31D422D8C78AD00EC9031 /* AuthorizationTitleView.swift in Sources */ = {isa = PBXBuildFile; fileRef = 02B31D412D8C78AD00EC9031 /* AuthorizationTitleView.swift */; };
		02B31D442D8C793300EC9031 /* AuthorizationSegmentedControl.swift in Sources */ = {isa = PBXBuildFile; fileRef = 02B31D432D8C793300EC9031 /* AuthorizationSegmentedControl.swift */; };
		02B31D482D8C797C00EC9031 /* AuthorizationSocialButtonsView.swift in Sources */ = {isa = PBXBuildFile; fileRef = 02B31D472D8C797C00EC9031 /* AuthorizationSocialButtonsView.swift */; };
		02E4EFDB2DBBDE6800B121D8 /* TextFieldsViewController.swift in Sources */ = {isa = PBXBuildFile; fileRef = 869875432D8860DF00C7BA58 /* TextFieldsViewController.swift */; };
		02E4EFDC2DBBDE6F00B121D8 /* TextFieldBaseStyle.swift in Sources */ = {isa = PBXBuildFile; fileRef = 869875472D8860E600C7BA58 /* TextFieldBaseStyle.swift */; };
		02E4EFDD2DBBDE7500B121D8 /* StringTextField.swift in Sources */ = {isa = PBXBuildFile; fileRef = 869875462D8860E600C7BA58 /* StringTextField.swift */; };
		1F16AE622DB50C210085A17D /* RestaurantInfoView.swift in Sources */ = {isa = PBXBuildFile; fileRef = 1F16AE592DB50C210085A17D /* RestaurantInfoView.swift */; };
		1F16AE632DB50C210085A17D /* MenuItemListModel.swift in Sources */ = {isa = PBXBuildFile; fileRef = 1F16AE512DB50C210085A17D /* MenuItemListModel.swift */; };
		1F16AE642DB50C210085A17D /* MenuModel.swift in Sources */ = {isa = PBXBuildFile; fileRef = 1F16AE522DB50C210085A17D /* MenuModel.swift */; };
		1F16AE652DB50C210085A17D /* RestaurantViewController.swift in Sources */ = {isa = PBXBuildFile; fileRef = 1F16AE602DB50C210085A17D /* RestaurantViewController.swift */; };
		1F16AE662DB50C210085A17D /* MenuItemsTableViewCell.swift in Sources */ = {isa = PBXBuildFile; fileRef = 1F16AE5C2DB50C210085A17D /* MenuItemsTableViewCell.swift */; };
		1F16AE672DB50C210085A17D /* RestaurantView.swift in Sources */ = {isa = PBXBuildFile; fileRef = 1F16AE5E2DB50C210085A17D /* RestaurantView.swift */; };
		1F16AE682DB50C210085A17D /* MenuTimeView.swift in Sources */ = {isa = PBXBuildFile; fileRef = 1F16AE552DB50C210085A17D /* MenuTimeView.swift */; };
		1F16AE692DB50C210085A17D /* RestaurantModel.swift in Sources */ = {isa = PBXBuildFile; fileRef = 1F16AE532DB50C210085A17D /* RestaurantModel.swift */; };
		1F16AE6A2DB50C210085A17D /* RestaurantHeaderView.swift in Sources */ = {isa = PBXBuildFile; fileRef = 1F16AE582DB50C210085A17D /* RestaurantHeaderView.swift */; };
		1F16AE6B2DB50C210085A17D /* MenuItemsTableView.swift in Sources */ = {isa = PBXBuildFile; fileRef = 1F16AE5B2DB50C210085A17D /* MenuItemsTableView.swift */; };
		1F16AE6C2DB50C210085A17D /* HeaderView.swift in Sources */ = {isa = PBXBuildFile; fileRef = 1F16AE572DB50C210085A17D /* HeaderView.swift */; };
		1F497FC42D8C0A460040CBF3 /* DishCellModel.swift in Sources */ = {isa = PBXBuildFile; fileRef = 1F4E868A2D8814EB002D5293 /* DishCellModel.swift */; };
		1F4E868D2D881500002D5293 /* RestaurantCellModel.swift in Sources */ = {isa = PBXBuildFile; fileRef = 1F4E868C2D881500002D5293 /* RestaurantCellModel.swift */; };
		1F68F47A2DB642B00034392E /* RestaurantNetworkService.swift in Sources */ = {isa = PBXBuildFile; fileRef = 1F68F4792DB642B00034392E /* RestaurantNetworkService.swift */; };
		1FA753A02D82E13700B2324C /* RestaurantTableViewCell.swift in Sources */ = {isa = PBXBuildFile; fileRef = 1FA7539F2D82E13700B2324C /* RestaurantTableViewCell.swift */; };
		1FBFC5392DBCD8FF00691CCE /* RestaurantDto.swift in Sources */ = {isa = PBXBuildFile; fileRef = 1FBFC5382DBCD8FF00691CCE /* RestaurantDto.swift */; };
		1FBFC53B2DBCD90A00691CCE /* MenuDto.swift in Sources */ = {isa = PBXBuildFile; fileRef = 1FBFC53A2DBCD90A00691CCE /* MenuDto.swift */; };
		1FBFC53D2DBCD91500691CCE /* MenuItemListDto.swift in Sources */ = {isa = PBXBuildFile; fileRef = 1FBFC53C2DBCD91500691CCE /* MenuItemListDto.swift */; };
		1FCF12A22D89686600386458 /* DishTableViewCell.swift in Sources */ = {isa = PBXBuildFile; fileRef = 1FCF12A12D89686600386458 /* DishTableViewCell.swift */; };
		2182AF922D8C594600B5BF26 /* DummyView.swift in Sources */ = {isa = PBXBuildFile; fileRef = 2182AF912D8C594600B5BF26 /* DummyView.swift */; };
		2182AF942D8C690300B5BF26 /* ScenesTableViewCell.swift in Sources */ = {isa = PBXBuildFile; fileRef = 2182AF932D8C690300B5BF26 /* ScenesTableViewCell.swift */; };
		2182AF962D8C692F00B5BF26 /* SceneModel.swift in Sources */ = {isa = PBXBuildFile; fileRef = 2182AF952D8C692F00B5BF26 /* SceneModel.swift */; };
		2182AF982D8C694900B5BF26 /* SceneType.swift in Sources */ = {isa = PBXBuildFile; fileRef = 2182AF972D8C694900B5BF26 /* SceneType.swift */; };
		21A606E82DB406F3007BB17C /* NetworkService.swift in Sources */ = {isa = PBXBuildFile; fileRef = 21A606E72DB406F3007BB17C /* NetworkService.swift */; };
		21A606EA2DB41C8F007BB17C /* HTTPMethod.swift in Sources */ = {isa = PBXBuildFile; fileRef = 21A606E92DB41C8F007BB17C /* HTTPMethod.swift */; };
		21A606EC2DB41CA4007BB17C /* NetworkError.swift in Sources */ = {isa = PBXBuildFile; fileRef = 21A606EB2DB41CA4007BB17C /* NetworkError.swift */; };
		21A606EE2DB41CC4007BB17C /* APIResponseDto.swift in Sources */ = {isa = PBXBuildFile; fileRef = 21A606ED2DB41CC4007BB17C /* APIResponseDto.swift */; };
		21A606F22DB41E0F007BB17C /* ImageService.swift in Sources */ = {isa = PBXBuildFile; fileRef = 21A606F12DB41E0F007BB17C /* ImageService.swift */; };
		21A606F72DB423CD007BB17C /* HomeScenesCoordinator.swift in Sources */ = {isa = PBXBuildFile; fileRef = 21A606F62DB423CD007BB17C /* HomeScenesCoordinator.swift */; };
		21A606F92DB42FAF007BB17C /* HomeScenesFactory.swift in Sources */ = {isa = PBXBuildFile; fileRef = 21A606F82DB42FAF007BB17C /* HomeScenesFactory.swift */; };
		21AA4B512D8160E30086697C /* AppDelegate.swift in Sources */ = {isa = PBXBuildFile; fileRef = 21AA4B502D8160E30086697C /* AppDelegate.swift */; };
		21AA4B532D8160E30086697C /* SceneDelegate.swift in Sources */ = {isa = PBXBuildFile; fileRef = 21AA4B522D8160E30086697C /* SceneDelegate.swift */; };
		21AA4B552D8160E30086697C /* DummyViewController.swift in Sources */ = {isa = PBXBuildFile; fileRef = 21AA4B542D8160E30086697C /* DummyViewController.swift */; };
		21AA4B5A2D8160E50086697C /* Assets.xcassets in Resources */ = {isa = PBXBuildFile; fileRef = 21AA4B592D8160E50086697C /* Assets.xcassets */; };
		21AA4B652D81627D0086697C /* AppCoordinator.swift in Sources */ = {isa = PBXBuildFile; fileRef = 21AA4B642D81627D0086697C /* AppCoordinator.swift */; };
		21AA4B702D817FC00086697C /* TWKEverett-Medium.otf in Resources */ = {isa = PBXBuildFile; fileRef = 21AA4B6F2D817FC00086697C /* TWKEverett-Medium.otf */; };
		21AA4B722D817FC70086697C /* TWKEverett-Regular.otf in Resources */ = {isa = PBXBuildFile; fileRef = 21AA4B712D817FC70086697C /* TWKEverett-Regular.otf */; };
		21AA4B742D8180A80086697C /* Font.swift in Sources */ = {isa = PBXBuildFile; fileRef = 21AA4B732D8180A80086697C /* Font.swift */; };
		21AA4B762D81828D0086697C /* aeonik-medium.otf in Resources */ = {isa = PBXBuildFile; fileRef = 21AA4B752D81828D0086697C /* aeonik-medium.otf */; };
		21AA4B7C2D81880A0086697C /* Factory.swift in Sources */ = {isa = PBXBuildFile; fileRef = 21AA4B7B2D81880A0086697C /* Factory.swift */; };
		3F45F97D2D8A15BF005BD993 /* PincodeInputView.swift in Sources */ = {isa = PBXBuildFile; fileRef = 3F45F97C2D8A15BF005BD993 /* PincodeInputView.swift */; };
		3F6C1D792D8D78B7002FDCDE /* PincodeTextField.swift in Sources */ = {isa = PBXBuildFile; fileRef = 3F6C1D782D8D78B7002FDCDE /* PincodeTextField.swift */; };
		3F6C2C122D82FC1C0097587A /* VerifyPhoneNumberViewController.swift in Sources */ = {isa = PBXBuildFile; fileRef = 3F6C2C112D82FC1C0097587A /* VerifyPhoneNumberViewController.swift */; };
		3F6C2C172D8333BF0097587A /* VerifyPhoneNumberView.swift in Sources */ = {isa = PBXBuildFile; fileRef = 3F6C2C162D8333BF0097587A /* VerifyPhoneNumberView.swift */; };
		3F9174312D99EFED0091AEB9 /* NotificationCenter+Keyboard.swift in Sources */ = {isa = PBXBuildFile; fileRef = 3F9174302D99EFED0091AEB9 /* NotificationCenter+Keyboard.swift */; };
		3F971A9A2D96B1E00056334C /* PhoneNumberInputView.swift in Sources */ = {isa = PBXBuildFile; fileRef = 3F971A992D96B1E00056334C /* PhoneNumberInputView.swift */; };
		3F9CC6032D9194090079DA39 /* Optional+Sugar.swift in Sources */ = {isa = PBXBuildFile; fileRef = 3F9CC6022D9194090079DA39 /* Optional+Sugar.swift */; };
		860852232D9747BA0038A9EF /* PhoneTextField.swift in Sources */ = {isa = PBXBuildFile; fileRef = 860852222D9747BA0038A9EF /* PhoneTextField.swift */; };
		863929E72D9D2DAA00480459 /* PhoneNumber.swift in Sources */ = {isa = PBXBuildFile; fileRef = 863929E62D9D2DAA00480459 /* PhoneNumber.swift */; };
		868044992D94765400CBE1EC /* CountryCodeModel.swift in Sources */ = {isa = PBXBuildFile; fileRef = 868044982D94765300CBE1EC /* CountryCodeModel.swift */; };
		8680452D2D94906B00CBE1EC /* CountryPickerCell.swift in Sources */ = {isa = PBXBuildFile; fileRef = 8680452C2D94906B00CBE1EC /* CountryPickerCell.swift */; };
		8680452F2D94908D00CBE1EC /* CountryPickerView.swift in Sources */ = {isa = PBXBuildFile; fileRef = 8680452E2D94908D00CBE1EC /* CountryPickerView.swift */; };
		869876BB2D8C45AB00C7BA58 /* StringTextFieldStyle.swift in Sources */ = {isa = PBXBuildFile; fileRef = 869876BA2D8C45AB00C7BA58 /* StringTextFieldStyle.swift */; };
		869878372D918ECD00C7BA58 /* PhonePrefixView.swift in Sources */ = {isa = PBXBuildFile; fileRef = 869878362D918ECD00C7BA58 /* PhonePrefixView.swift */; };
		86F2456F2DAFA4F90037F33C /* UIToolBar+DoneButton.swift in Sources */ = {isa = PBXBuildFile; fileRef = 86F2456E2DAFA4F90037F33C /* UIToolBar+DoneButton.swift */; };
		CE02B8532D933581000C0557 /* LinkButton.swift in Sources */ = {isa = PBXBuildFile; fileRef = CE02B8502D933581000C0557 /* LinkButton.swift */; };
		CE02B8542D933581000C0557 /* LinkButtonStyle.swift in Sources */ = {isa = PBXBuildFile; fileRef = CE02B8512D933581000C0557 /* LinkButtonStyle.swift */; };
		CEEE9CB42DA17A3E00DF1A35 /* RootTabBarController.swift in Sources */ = {isa = PBXBuildFile; fileRef = CEEE9CB22DA17A3E00DF1A35 /* RootTabBarController.swift */; };
		CEEE9CB52DA17A3E00DF1A35 /* RoorTabBarView.swift in Sources */ = {isa = PBXBuildFile; fileRef = CEEE9CB12DA17A3E00DF1A35 /* RoorTabBarView.swift */; };
		CEEE9CB62DA17A3E00DF1A35 /* RootTabBarItem.swift in Sources */ = {isa = PBXBuildFile; fileRef = CEEE9CB32DA17A3E00DF1A35 /* RootTabBarItem.swift */; };
		D52040522D89B502009D0D1D /* CornersButtonStyle.swift in Sources */ = {isa = PBXBuildFile; fileRef = D52040502D89B502009D0D1D /* CornersButtonStyle.swift */; };
		D52040532D89B502009D0D1D /* CornersButton.swift in Sources */ = {isa = PBXBuildFile; fileRef = D520404F2D89B502009D0D1D /* CornersButton.swift */; };
		D57BD96D2DBD315E005052DF /* UIApplication+RootViewController.swift in Sources */ = {isa = PBXBuildFile; fileRef = D57BD96C2DBD315E005052DF /* UIApplication+RootViewController.swift */; };
		D5952D8B2DAAC129003F3C90 /* OnboardingView.swift in Sources */ = {isa = PBXBuildFile; fileRef = D5952D872DAAC129003F3C90 /* OnboardingView.swift */; };
		D5952D8C2DAAC129003F3C90 /* OnboardingViewController.swift in Sources */ = {isa = PBXBuildFile; fileRef = D5952D892DAAC129003F3C90 /* OnboardingViewController.swift */; };
		D5952D8D2DAAC129003F3C90 /* OnboardingPageModel.swift in Sources */ = {isa = PBXBuildFile; fileRef = D5952D842DAAC129003F3C90 /* OnboardingPageModel.swift */; };
		D5952D8E2DAAC129003F3C90 /* OnboardingPageView.swift in Sources */ = {isa = PBXBuildFile; fileRef = D5952D862DAAC129003F3C90 /* OnboardingPageView.swift */; };
		D59B58752D8C8D1A0049A3F9 /* CornersButtonsViewController.swift in Sources */ = {isa = PBXBuildFile; fileRef = D59B58732D8C8D1A0049A3F9 /* CornersButtonsViewController.swift */; };
		D5DC6E9A2D9442C70063FC7A /* Constants.swift in Sources */ = {isa = PBXBuildFile; fileRef = D5DC6E992D9442C70063FC7A /* Constants.swift */; };
/* End PBXBuildFile section */

/* Begin PBXFileReference section */
		02101C0C2DA84EA600ADF6A5 /* AuthorizationModel.swift */ = {isa = PBXFileReference; lastKnownFileType = sourcecode.swift; path = AuthorizationModel.swift; sourceTree = "<group>"; };
		029039C72D999414008973F2 /* AuthorizationLoginView.swift */ = {isa = PBXFileReference; lastKnownFileType = sourcecode.swift; path = AuthorizationLoginView.swift; sourceTree = "<group>"; };
		029039C92D999429008973F2 /* AuthorizationSignupView.swift */ = {isa = PBXFileReference; lastKnownFileType = sourcecode.swift; path = AuthorizationSignupView.swift; sourceTree = "<group>"; };
		02B31D3C2D8C4DE800EC9031 /* AuthorizationView.swift */ = {isa = PBXFileReference; lastKnownFileType = sourcecode.swift; path = AuthorizationView.swift; sourceTree = "<group>"; };
		02B31D3D2D8C4DE800EC9031 /* AuthorizationViewController.swift */ = {isa = PBXFileReference; lastKnownFileType = sourcecode.swift; path = AuthorizationViewController.swift; sourceTree = "<group>"; };
		02B31D412D8C78AD00EC9031 /* AuthorizationTitleView.swift */ = {isa = PBXFileReference; lastKnownFileType = sourcecode.swift; path = AuthorizationTitleView.swift; sourceTree = "<group>"; };
		02B31D432D8C793300EC9031 /* AuthorizationSegmentedControl.swift */ = {isa = PBXFileReference; lastKnownFileType = sourcecode.swift; path = AuthorizationSegmentedControl.swift; sourceTree = "<group>"; };
		02B31D472D8C797C00EC9031 /* AuthorizationSocialButtonsView.swift */ = {isa = PBXFileReference; lastKnownFileType = sourcecode.swift; path = AuthorizationSocialButtonsView.swift; sourceTree = "<group>"; };
		1F0F43B52D93F9DE00D87BBD /* RestaurantModel.swift */ = {isa = PBXFileReference; lastKnownFileType = sourcecode.swift; path = RestaurantModel.swift; sourceTree = "<group>"; };
		1F16AE512DB50C210085A17D /* MenuItemListModel.swift */ = {isa = PBXFileReference; lastKnownFileType = sourcecode.swift; path = MenuItemListModel.swift; sourceTree = "<group>"; };
		1F16AE522DB50C210085A17D /* MenuModel.swift */ = {isa = PBXFileReference; lastKnownFileType = sourcecode.swift; path = MenuModel.swift; sourceTree = "<group>"; };
		1F16AE532DB50C210085A17D /* RestaurantModel.swift */ = {isa = PBXFileReference; lastKnownFileType = sourcecode.swift; path = RestaurantModel.swift; sourceTree = "<group>"; };
		1F16AE552DB50C210085A17D /* MenuTimeView.swift */ = {isa = PBXFileReference; lastKnownFileType = sourcecode.swift; path = MenuTimeView.swift; sourceTree = "<group>"; };
		1F16AE572DB50C210085A17D /* HeaderView.swift */ = {isa = PBXFileReference; lastKnownFileType = sourcecode.swift; path = HeaderView.swift; sourceTree = "<group>"; };
		1F16AE582DB50C210085A17D /* RestaurantHeaderView.swift */ = {isa = PBXFileReference; lastKnownFileType = sourcecode.swift; path = RestaurantHeaderView.swift; sourceTree = "<group>"; };
		1F16AE592DB50C210085A17D /* RestaurantInfoView.swift */ = {isa = PBXFileReference; lastKnownFileType = sourcecode.swift; path = RestaurantInfoView.swift; sourceTree = "<group>"; };
		1F16AE5B2DB50C210085A17D /* MenuItemsTableView.swift */ = {isa = PBXFileReference; lastKnownFileType = sourcecode.swift; path = MenuItemsTableView.swift; sourceTree = "<group>"; };
		1F16AE5C2DB50C210085A17D /* MenuItemsTableViewCell.swift */ = {isa = PBXFileReference; lastKnownFileType = sourcecode.swift; path = MenuItemsTableViewCell.swift; sourceTree = "<group>"; };
		1F16AE5E2DB50C210085A17D /* RestaurantView.swift */ = {isa = PBXFileReference; lastKnownFileType = sourcecode.swift; path = RestaurantView.swift; sourceTree = "<group>"; };
		1F16AE602DB50C210085A17D /* RestaurantViewController.swift */ = {isa = PBXFileReference; lastKnownFileType = sourcecode.swift; path = RestaurantViewController.swift; sourceTree = "<group>"; };
		1F3BB5072D92F682004C52F9 /* RestaurantInfoView.swift */ = {isa = PBXFileReference; lastKnownFileType = sourcecode.swift; path = RestaurantInfoView.swift; sourceTree = "<group>"; };
		1F3BB5092D92F6AC004C52F9 /* MenuTimeView.swift */ = {isa = PBXFileReference; lastKnownFileType = sourcecode.swift; path = MenuTimeView.swift; sourceTree = "<group>"; };
		1F3BB50D2D92F6E6004C52F9 /* MenuItemsTableView.swift */ = {isa = PBXFileReference; lastKnownFileType = sourcecode.swift; path = MenuItemsTableView.swift; sourceTree = "<group>"; };
		1F4169E62DA187A0001B8056 /* HeaderView.swift */ = {isa = PBXFileReference; lastKnownFileType = sourcecode.swift; path = HeaderView.swift; sourceTree = "<group>"; };
		1F4E868A2D8814EB002D5293 /* DishCellModel.swift */ = {isa = PBXFileReference; lastKnownFileType = sourcecode.swift; path = DishCellModel.swift; sourceTree = "<group>"; };
		1F4E868C2D881500002D5293 /* RestaurantCellModel.swift */ = {isa = PBXFileReference; lastKnownFileType = sourcecode.swift; path = RestaurantCellModel.swift; sourceTree = "<group>"; };
		1F4E92EA2D96CADB004B9DEE /* RestaurantView.swift */ = {isa = PBXFileReference; lastKnownFileType = sourcecode.swift; path = RestaurantView.swift; sourceTree = "<group>"; };
		1F68F4792DB642B00034392E /* RestaurantNetworkService.swift */ = {isa = PBXFileReference; lastKnownFileType = sourcecode.swift; path = RestaurantNetworkService.swift; sourceTree = "<group>"; };
		1F8A426C2D8D49C800E00E9C /* RestaurantViewController.swift */ = {isa = PBXFileReference; lastKnownFileType = sourcecode.swift; path = RestaurantViewController.swift; sourceTree = "<group>"; };
		1F8A42722D8D66B000E00E9C /* RestaurantHeaderView.swift */ = {isa = PBXFileReference; lastKnownFileType = sourcecode.swift; path = RestaurantHeaderView.swift; sourceTree = "<group>"; };
		1FA7539F2D82E13700B2324C /* RestaurantTableViewCell.swift */ = {isa = PBXFileReference; lastKnownFileType = sourcecode.swift; path = RestaurantTableViewCell.swift; sourceTree = "<group>"; };
		1FBA9F8D2D9BC9F800C2B2E7 /* MenuModel.swift */ = {isa = PBXFileReference; lastKnownFileType = sourcecode.swift; path = MenuModel.swift; sourceTree = "<group>"; };
		1FBA9F8F2D9BEAA800C2B2E7 /* MenuItemsTableViewCell.swift */ = {isa = PBXFileReference; lastKnownFileType = sourcecode.swift; path = MenuItemsTableViewCell.swift; sourceTree = "<group>"; };
		1FBFC5382DBCD8FF00691CCE /* RestaurantDto.swift */ = {isa = PBXFileReference; lastKnownFileType = sourcecode.swift; path = RestaurantDto.swift; sourceTree = "<group>"; };
		1FBFC53A2DBCD90A00691CCE /* MenuDto.swift */ = {isa = PBXFileReference; lastKnownFileType = sourcecode.swift; path = MenuDto.swift; sourceTree = "<group>"; };
		1FBFC53C2DBCD91500691CCE /* MenuItemListDto.swift */ = {isa = PBXFileReference; lastKnownFileType = sourcecode.swift; path = MenuItemListDto.swift; sourceTree = "<group>"; };
		1FBFCA832D9EB943006E0F15 /* MenuItemListModel.swift */ = {isa = PBXFileReference; lastKnownFileType = sourcecode.swift; path = MenuItemListModel.swift; sourceTree = "<group>"; };
		1FCF12A12D89686600386458 /* DishTableViewCell.swift */ = {isa = PBXFileReference; lastKnownFileType = sourcecode.swift; path = DishTableViewCell.swift; sourceTree = "<group>"; };
		2182AF912D8C594600B5BF26 /* DummyView.swift */ = {isa = PBXFileReference; lastKnownFileType = sourcecode.swift; path = DummyView.swift; sourceTree = "<group>"; };
		2182AF932D8C690300B5BF26 /* ScenesTableViewCell.swift */ = {isa = PBXFileReference; lastKnownFileType = sourcecode.swift; path = ScenesTableViewCell.swift; sourceTree = "<group>"; };
		2182AF952D8C692F00B5BF26 /* SceneModel.swift */ = {isa = PBXFileReference; lastKnownFileType = sourcecode.swift; path = SceneModel.swift; sourceTree = "<group>"; };
		2182AF972D8C694900B5BF26 /* SceneType.swift */ = {isa = PBXFileReference; lastKnownFileType = sourcecode.swift; path = SceneType.swift; sourceTree = "<group>"; };
		21A606E72DB406F3007BB17C /* NetworkService.swift */ = {isa = PBXFileReference; lastKnownFileType = sourcecode.swift; path = NetworkService.swift; sourceTree = "<group>"; };
		21A606E92DB41C8F007BB17C /* HTTPMethod.swift */ = {isa = PBXFileReference; lastKnownFileType = sourcecode.swift; path = HTTPMethod.swift; sourceTree = "<group>"; };
		21A606EB2DB41CA4007BB17C /* NetworkError.swift */ = {isa = PBXFileReference; lastKnownFileType = sourcecode.swift; path = NetworkError.swift; sourceTree = "<group>"; };
		21A606ED2DB41CC4007BB17C /* APIResponseDto.swift */ = {isa = PBXFileReference; lastKnownFileType = sourcecode.swift; path = APIResponseDto.swift; sourceTree = "<group>"; };
		21A606F12DB41E0F007BB17C /* ImageService.swift */ = {isa = PBXFileReference; lastKnownFileType = sourcecode.swift; path = ImageService.swift; sourceTree = "<group>"; };
		21A606F62DB423CD007BB17C /* HomeScenesCoordinator.swift */ = {isa = PBXFileReference; lastKnownFileType = sourcecode.swift; name = HomeScenesCoordinator.swift; path = iaw01/Scenes/HomeScenesCoordinator.swift; sourceTree = SOURCE_ROOT; };
		21A606F82DB42FAF007BB17C /* HomeScenesFactory.swift */ = {isa = PBXFileReference; lastKnownFileType = sourcecode.swift; path = HomeScenesFactory.swift; sourceTree = "<group>"; };
		21AA4B4D2D8160E30086697C /* iaw01.app */ = {isa = PBXFileReference; explicitFileType = wrapper.application; includeInIndex = 0; path = iaw01.app; sourceTree = BUILT_PRODUCTS_DIR; };
		21AA4B502D8160E30086697C /* AppDelegate.swift */ = {isa = PBXFileReference; lastKnownFileType = sourcecode.swift; path = AppDelegate.swift; sourceTree = "<group>"; };
		21AA4B522D8160E30086697C /* SceneDelegate.swift */ = {isa = PBXFileReference; lastKnownFileType = sourcecode.swift; path = SceneDelegate.swift; sourceTree = "<group>"; };
		21AA4B542D8160E30086697C /* DummyViewController.swift */ = {isa = PBXFileReference; lastKnownFileType = sourcecode.swift; path = DummyViewController.swift; sourceTree = "<group>"; };
		21AA4B592D8160E50086697C /* Assets.xcassets */ = {isa = PBXFileReference; lastKnownFileType = folder.assetcatalog; path = Assets.xcassets; sourceTree = "<group>"; };
		21AA4B5E2D8160E50086697C /* Info.plist */ = {isa = PBXFileReference; lastKnownFileType = text.plist.xml; path = Info.plist; sourceTree = "<group>"; };
		21AA4B642D81627D0086697C /* AppCoordinator.swift */ = {isa = PBXFileReference; lastKnownFileType = sourcecode.swift; path = AppCoordinator.swift; sourceTree = "<group>"; };
		21AA4B6F2D817FC00086697C /* TWKEverett-Medium.otf */ = {isa = PBXFileReference; lastKnownFileType = file; path = "TWKEverett-Medium.otf"; sourceTree = "<group>"; };
		21AA4B712D817FC70086697C /* TWKEverett-Regular.otf */ = {isa = PBXFileReference; lastKnownFileType = file; path = "TWKEverett-Regular.otf"; sourceTree = "<group>"; };
		21AA4B732D8180A80086697C /* Font.swift */ = {isa = PBXFileReference; lastKnownFileType = sourcecode.swift; path = Font.swift; sourceTree = "<group>"; };
		21AA4B752D81828D0086697C /* aeonik-medium.otf */ = {isa = PBXFileReference; lastKnownFileType = file; path = "aeonik-medium.otf"; sourceTree = "<group>"; };
		21AA4B7B2D81880A0086697C /* Factory.swift */ = {isa = PBXFileReference; lastKnownFileType = sourcecode.swift; path = Factory.swift; sourceTree = "<group>"; };
		21AA4B7D2D818F380086697C /* README.md */ = {isa = PBXFileReference; lastKnownFileType = net.daringfireball.markdown; path = README.md; sourceTree = "<group>"; };
		3F45F97C2D8A15BF005BD993 /* PincodeInputView.swift */ = {isa = PBXFileReference; lastKnownFileType = sourcecode.swift; path = PincodeInputView.swift; sourceTree = "<group>"; };
		3F6C1D782D8D78B7002FDCDE /* PincodeTextField.swift */ = {isa = PBXFileReference; lastKnownFileType = sourcecode.swift; path = PincodeTextField.swift; sourceTree = "<group>"; };
		3F6C2C112D82FC1C0097587A /* VerifyPhoneNumberViewController.swift */ = {isa = PBXFileReference; lastKnownFileType = sourcecode.swift; path = VerifyPhoneNumberViewController.swift; sourceTree = "<group>"; };
		3F6C2C162D8333BF0097587A /* VerifyPhoneNumberView.swift */ = {isa = PBXFileReference; lastKnownFileType = sourcecode.swift; path = VerifyPhoneNumberView.swift; sourceTree = "<group>"; };
		3F9174302D99EFED0091AEB9 /* NotificationCenter+Keyboard.swift */ = {isa = PBXFileReference; lastKnownFileType = sourcecode.swift; path = "NotificationCenter+Keyboard.swift"; sourceTree = "<group>"; };
		3F971A992D96B1E00056334C /* PhoneNumberInputView.swift */ = {isa = PBXFileReference; lastKnownFileType = sourcecode.swift; path = PhoneNumberInputView.swift; sourceTree = "<group>"; };
		3F9CC6022D9194090079DA39 /* Optional+Sugar.swift */ = {isa = PBXFileReference; lastKnownFileType = sourcecode.swift; path = "Optional+Sugar.swift"; sourceTree = "<group>"; };
		860852222D9747BA0038A9EF /* PhoneTextField.swift */ = {isa = PBXFileReference; lastKnownFileType = sourcecode.swift; path = PhoneTextField.swift; sourceTree = "<group>"; };
		863929E62D9D2DAA00480459 /* PhoneNumber.swift */ = {isa = PBXFileReference; lastKnownFileType = sourcecode.swift; path = PhoneNumber.swift; sourceTree = "<group>"; };
		868044982D94765300CBE1EC /* CountryCodeModel.swift */ = {isa = PBXFileReference; lastKnownFileType = sourcecode.swift; path = CountryCodeModel.swift; sourceTree = "<group>"; };
		8680452C2D94906B00CBE1EC /* CountryPickerCell.swift */ = {isa = PBXFileReference; lastKnownFileType = sourcecode.swift; path = CountryPickerCell.swift; sourceTree = "<group>"; };
		8680452E2D94908D00CBE1EC /* CountryPickerView.swift */ = {isa = PBXFileReference; lastKnownFileType = sourcecode.swift; path = CountryPickerView.swift; sourceTree = "<group>"; };
		869875432D8860DF00C7BA58 /* TextFieldsViewController.swift */ = {isa = PBXFileReference; lastKnownFileType = sourcecode.swift; path = TextFieldsViewController.swift; sourceTree = "<group>"; };
		869875462D8860E600C7BA58 /* StringTextField.swift */ = {isa = PBXFileReference; lastKnownFileType = sourcecode.swift; path = StringTextField.swift; sourceTree = "<group>"; };
		869875472D8860E600C7BA58 /* TextFieldBaseStyle.swift */ = {isa = PBXFileReference; lastKnownFileType = sourcecode.swift; path = TextFieldBaseStyle.swift; sourceTree = "<group>"; };
		869876BA2D8C45AB00C7BA58 /* StringTextFieldStyle.swift */ = {isa = PBXFileReference; lastKnownFileType = sourcecode.swift; path = StringTextFieldStyle.swift; sourceTree = "<group>"; };
		869878362D918ECD00C7BA58 /* PhonePrefixView.swift */ = {isa = PBXFileReference; lastKnownFileType = sourcecode.swift; path = PhonePrefixView.swift; sourceTree = "<group>"; };
		86F2456E2DAFA4F90037F33C /* UIToolBar+DoneButton.swift */ = {isa = PBXFileReference; lastKnownFileType = sourcecode.swift; path = "UIToolBar+DoneButton.swift"; sourceTree = "<group>"; };
		CE02B8502D933581000C0557 /* LinkButton.swift */ = {isa = PBXFileReference; lastKnownFileType = sourcecode.swift; path = LinkButton.swift; sourceTree = "<group>"; };
		CE02B8512D933581000C0557 /* LinkButtonStyle.swift */ = {isa = PBXFileReference; lastKnownFileType = sourcecode.swift; path = LinkButtonStyle.swift; sourceTree = "<group>"; };
		CEEE9CB12DA17A3E00DF1A35 /* RoorTabBarView.swift */ = {isa = PBXFileReference; lastKnownFileType = sourcecode.swift; path = RoorTabBarView.swift; sourceTree = "<group>"; };
		CEEE9CB22DA17A3E00DF1A35 /* RootTabBarController.swift */ = {isa = PBXFileReference; lastKnownFileType = sourcecode.swift; path = RootTabBarController.swift; sourceTree = "<group>"; };
		CEEE9CB32DA17A3E00DF1A35 /* RootTabBarItem.swift */ = {isa = PBXFileReference; lastKnownFileType = sourcecode.swift; path = RootTabBarItem.swift; sourceTree = "<group>"; };
		D520404F2D89B502009D0D1D /* CornersButton.swift */ = {isa = PBXFileReference; lastKnownFileType = sourcecode.swift; path = CornersButton.swift; sourceTree = "<group>"; };
		D52040502D89B502009D0D1D /* CornersButtonStyle.swift */ = {isa = PBXFileReference; lastKnownFileType = sourcecode.swift; path = CornersButtonStyle.swift; sourceTree = "<group>"; };
		D57BD96C2DBD315E005052DF /* UIApplication+RootViewController.swift */ = {isa = PBXFileReference; lastKnownFileType = sourcecode.swift; path = "UIApplication+RootViewController.swift"; sourceTree = "<group>"; };
		D5952D842DAAC129003F3C90 /* OnboardingPageModel.swift */ = {isa = PBXFileReference; lastKnownFileType = sourcecode.swift; path = OnboardingPageModel.swift; sourceTree = "<group>"; };
		D5952D862DAAC129003F3C90 /* OnboardingPageView.swift */ = {isa = PBXFileReference; lastKnownFileType = sourcecode.swift; path = OnboardingPageView.swift; sourceTree = "<group>"; };
		D5952D872DAAC129003F3C90 /* OnboardingView.swift */ = {isa = PBXFileReference; lastKnownFileType = sourcecode.swift; path = OnboardingView.swift; sourceTree = "<group>"; };
		D5952D892DAAC129003F3C90 /* OnboardingViewController.swift */ = {isa = PBXFileReference; lastKnownFileType = sourcecode.swift; path = OnboardingViewController.swift; sourceTree = "<group>"; };
		D59B58732D8C8D1A0049A3F9 /* CornersButtonsViewController.swift */ = {isa = PBXFileReference; lastKnownFileType = sourcecode.swift; path = CornersButtonsViewController.swift; sourceTree = "<group>"; };
		D5DC6E992D9442C70063FC7A /* Constants.swift */ = {isa = PBXFileReference; lastKnownFileType = sourcecode.swift; path = Constants.swift; sourceTree = "<group>"; };
/* End PBXFileReference section */

/* Begin PBXFrameworksBuildPhase section */
		21AA4B4A2D8160E30086697C /* Frameworks */ = {
			isa = PBXFrameworksBuildPhase;
			buildActionMask = 2147483647;
			files = (
			);
			runOnlyForDeploymentPostprocessing = 0;
		};
/* End PBXFrameworksBuildPhase section */

/* Begin PBXGroup section */
		020CE8662DC284AA00FEF9DD /*  Views */ = {
			isa = PBXGroup;
			children = (
				02B31D3C2D8C4DE800EC9031 /* AuthorizationView.swift */,
				02B31D412D8C78AD00EC9031 /* AuthorizationTitleView.swift */,
				02B31D432D8C793300EC9031 /* AuthorizationSegmentedControl.swift */,
				029039C72D999414008973F2 /* AuthorizationLoginView.swift */,
				029039C92D999429008973F2 /* AuthorizationSignupView.swift */,
				02B31D472D8C797C00EC9031 /* AuthorizationSocialButtonsView.swift */,
			);
			path = " Views";
			sourceTree = "<group>";
		};
		020CE8672DC284D700FEF9DD /* Models */ = {
			isa = PBXGroup;
			children = (
				02101C0C2DA84EA600ADF6A5 /* AuthorizationModel.swift */,
			);
			path = Models;
			sourceTree = "<group>";
		};
		1F16AE502DB50B350085A17D /* Recovered References */ = {
			isa = PBXGroup;
			children = (
				1F4E92EA2D96CADB004B9DEE /* RestaurantView.swift */,
				1F8A42722D8D66B000E00E9C /* RestaurantHeaderView.swift */,
				1FBA9F8F2D9BEAA800C2B2E7 /* MenuItemsTableViewCell.swift */,
				1F3BB5092D92F6AC004C52F9 /* MenuTimeView.swift */,
				1F0F43B52D93F9DE00D87BBD /* RestaurantModel.swift */,
				1F3BB50D2D92F6E6004C52F9 /* MenuItemsTableView.swift */,
				1F8A426C2D8D49C800E00E9C /* RestaurantViewController.swift */,
				1F3BB5072D92F682004C52F9 /* RestaurantInfoView.swift */,
				1F4169E62DA187A0001B8056 /* HeaderView.swift */,
				1FBA9F8D2D9BC9F800C2B2E7 /* MenuModel.swift */,
				1FBFCA832D9EB943006E0F15 /* MenuItemListModel.swift */,
			);
			name = "Recovered References";
			sourceTree = "<group>";
		};
		1F16AE542DB50C210085A17D /* Models */ = {
			isa = PBXGroup;
			children = (
				1F16AE532DB50C210085A17D /* RestaurantModel.swift */,
				1F16AE522DB50C210085A17D /* MenuModel.swift */,
				1F16AE512DB50C210085A17D /* MenuItemListModel.swift */,
			);
			path = Models;
			sourceTree = "<group>";
		};
		02B31D3E2D8C4DE800EC9031 /* AuthorizationScene */ = {
			isa = PBXGroup;
			children = (
				02B31D3D2D8C4DE800EC9031 /* AuthorizationViewController.swift */,
				020CE8662DC284AA00FEF9DD /*  Views */,
				020CE8672DC284D700FEF9DD /* Models */,
			);
			path = AuthorizationScene;
sourceTree = "<group>";
};
		1F16AE562DB50C210085A17D /* FilterView */ = {
			isa = PBXGroup;
			children = (
				1F16AE552DB50C210085A17D /* MenuTimeView.swift */,
			);
			path = FilterView;
			sourceTree = "<group>";
		};
		1F16AE5A2DB50C210085A17D /* HeaderViews */ = {
			isa = PBXGroup;
			children = (
				1F16AE572DB50C210085A17D /* HeaderView.swift */,
				1F16AE582DB50C210085A17D /* RestaurantHeaderView.swift */,
				1F16AE592DB50C210085A17D /* RestaurantInfoView.swift */,
			);
			path = HeaderViews;
			sourceTree = "<group>";
		};
		1F16AE5D2DB50C210085A17D /* MenuItemsTableView */ = {
			isa = PBXGroup;
			children = (
				1F16AE5B2DB50C210085A17D /* MenuItemsTableView.swift */,
				1F16AE5C2DB50C210085A17D /* MenuItemsTableViewCell.swift */,
			);
			path = MenuItemsTableView;
			sourceTree = "<group>";
		};
		1F16AE5F2DB50C210085A17D /* Views */ = {
			isa = PBXGroup;
			children = (
				1F16AE5E2DB50C210085A17D /* RestaurantView.swift */,
				1F16AE5A2DB50C210085A17D /* HeaderViews */,
				1F16AE562DB50C210085A17D /* FilterView */,
				1F16AE5D2DB50C210085A17D /* MenuItemsTableView */,
			);
			path = Views;
			sourceTree = "<group>";
		};
		1F16AE612DB50C210085A17D /* RestaurantScene */ = {
			isa = PBXGroup;
			children = (
				1F16AE602DB50C210085A17D /* RestaurantViewController.swift */,
				1F16AE5F2DB50C210085A17D /* Views */,
				1F16AE542DB50C210085A17D /* Models */,
			);
			path = RestaurantScene;
			sourceTree = "<group>";
		};
		1F68F4782DB642920034392E /* RestaurantNetworkService */ = {
			isa = PBXGroup;
			children = (
				1F68F4792DB642B00034392E /* RestaurantNetworkService.swift */,
				1FBFC5352DBCD86500691CCE /* Dto */,
			);
			path = RestaurantNetworkService;
			sourceTree = "<group>";
		};
		1FA7539E2D82D81600B2324C /* TableViewCells */ = {
			isa = PBXGroup;
			children = (
				1FCF129D2D89541300386458 /* DishTableViewCell */,
				1FCF129E2D89541D00386458 /* RestaurantTableViewCell */,
			);
			path = TableViewCells;
			sourceTree = "<group>";
		};
		1FBFC5352DBCD86500691CCE /* Dto */ = {
			isa = PBXGroup;
			children = (
				1FBFC5382DBCD8FF00691CCE /* RestaurantDto.swift */,
				1FBFC53A2DBCD90A00691CCE /* MenuDto.swift */,
				1FBFC53C2DBCD91500691CCE /* MenuItemListDto.swift */,
			);
			path = Dto;
			sourceTree = "<group>";
		};
		1FCF129C2D8953B400386458 /* Components */ = {
			isa = PBXGroup;
			children = (
				CE02B8522D933581000C0557 /* LinkButton */,
				D52040512D89B502009D0D1D /* CornersButton */,
				1FA7539E2D82D81600B2324C /* TableViewCells */,
				869875482D8860E600C7BA58 /* TextFields */,
			);
			path = Components;
			sourceTree = "<group>";
		};
		1FCF129D2D89541300386458 /* DishTableViewCell */ = {
			isa = PBXGroup;
			children = (
				1FCF12A12D89686600386458 /* DishTableViewCell.swift */,
				1F4E868A2D8814EB002D5293 /* DishCellModel.swift */,
			);
			path = DishTableViewCell;
			sourceTree = "<group>";
		};
		1FCF129E2D89541D00386458 /* RestaurantTableViewCell */ = {
			isa = PBXGroup;
			children = (
				1FA7539F2D82E13700B2324C /* RestaurantTableViewCell.swift */,
				1F4E868C2D881500002D5293 /* RestaurantCellModel.swift */,
			);
			path = RestaurantTableViewCell;
			sourceTree = "<group>";
		};
		21A606E62DB406DC007BB17C /* Services */ = {
			isa = PBXGroup;
			children = (
				21A606F02DB41E03007BB17C /* ImageService */,
				21A606EF2DB41CF8007BB17C /* NetworkService */,
			);
			path = Services;
			sourceTree = "<group>";
		};
		21A606EF2DB41CF8007BB17C /* NetworkService */ = {
			isa = PBXGroup;
			children = (
				21A606E72DB406F3007BB17C /* NetworkService.swift */,
				21A606E92DB41C8F007BB17C /* HTTPMethod.swift */,
				21A606EB2DB41CA4007BB17C /* NetworkError.swift */,
				21A606ED2DB41CC4007BB17C /* APIResponseDto.swift */,
				1F68F4782DB642920034392E /* RestaurantNetworkService */,
			);
			path = NetworkService;
			sourceTree = "<group>";
		};
		21A606F02DB41E03007BB17C /* ImageService */ = {
			isa = PBXGroup;
			children = (
				21A606F12DB41E0F007BB17C /* ImageService.swift */,
			);
			path = ImageService;
			sourceTree = "<group>";
		};
		21A606F52DB42397007BB17C /* HomeScenes */ = {
			isa = PBXGroup;
			children = (
				21A606F62DB423CD007BB17C /* HomeScenesCoordinator.swift */,
				21A606F82DB42FAF007BB17C /* HomeScenesFactory.swift */,
			);
			path = HomeScenes;
			sourceTree = "<group>";
		};
		21AA4B442D8160E30086697C = {
			isa = PBXGroup;
			children = (
				21AA4B7D2D818F380086697C /* README.md */,
				21AA4B4F2D8160E30086697C /* iaw01 */,
				21AA4B4E2D8160E30086697C /* Products */,
				1F16AE502DB50B350085A17D /* Recovered References */,
			);
			sourceTree = "<group>";
		};
		21AA4B4E2D8160E30086697C /* Products */ = {
			isa = PBXGroup;
			children = (
				21AA4B4D2D8160E30086697C /* iaw01.app */,
			);
			name = Products;
			sourceTree = "<group>";
		};
		21AA4B4F2D8160E30086697C /* iaw01 */ = {
			isa = PBXGroup;
			children = (
				21AA4B6B2D817F990086697C /* Resources */,
				21AA4B772D8186400086697C /* AppDelegate */,
				21AA4B7A2D8187800086697C /* Scenes */,
				1FCF129C2D8953B400386458 /* Components */,
				21A606E62DB406DC007BB17C /* Services */,
				3F9CC6012D9193AE0079DA39 /* Extensions */,
				21AA4B792D81872E0086697C /* Configuration */,
			);
			path = iaw01;
			sourceTree = "<group>";
		};
		21AA4B6A2D817C410086697C /* RootTabBar */ = {
			isa = PBXGroup;
			children = (
				CEEE9CB22DA17A3E00DF1A35 /* RootTabBarController.swift */,
				CEEE9CB12DA17A3E00DF1A35 /* RoorTabBarView.swift */,
				CEEE9CB32DA17A3E00DF1A35 /* RootTabBarItem.swift */,
			);
			path = RootTabBar;
			sourceTree = "<group>";
		};
		21AA4B6B2D817F990086697C /* Resources */ = {
			isa = PBXGroup;
			children = (
				21AA4B592D8160E50086697C /* Assets.xcassets */,
				21AA4B732D8180A80086697C /* Font.swift */,
				21AA4B6C2D817FA50086697C /* Fonts */,
			);
			path = Resources;
			sourceTree = "<group>";
		};
		21AA4B6C2D817FA50086697C /* Fonts */ = {
			isa = PBXGroup;
			children = (
				21AA4B752D81828D0086697C /* aeonik-medium.otf */,
				21AA4B6F2D817FC00086697C /* TWKEverett-Medium.otf */,
				21AA4B712D817FC70086697C /* TWKEverett-Regular.otf */,
			);
			path = Fonts;
			sourceTree = "<group>";
		};
		21AA4B772D8186400086697C /* AppDelegate */ = {
			isa = PBXGroup;
			children = (
				D5DC6E992D9442C70063FC7A /* Constants.swift */,
				21AA4B502D8160E30086697C /* AppDelegate.swift */,
				21AA4B522D8160E30086697C /* SceneDelegate.swift */,
				21AA4B642D81627D0086697C /* AppCoordinator.swift */,
				21AA4B7B2D81880A0086697C /* Factory.swift */,
				21AA4B6A2D817C410086697C /* RootTabBar */,
			);
			path = AppDelegate;
			sourceTree = "<group>";
		};
		21AA4B782D81864F0086697C /* DummyScene */ = {
			isa = PBXGroup;
			children = (
				21AA4B542D8160E30086697C /* DummyViewController.swift */,
				2182AF912D8C594600B5BF26 /* DummyView.swift */,
				2182AF932D8C690300B5BF26 /* ScenesTableViewCell.swift */,
				2182AF972D8C694900B5BF26 /* SceneType.swift */,
				2182AF952D8C692F00B5BF26 /* SceneModel.swift */,
			);
			path = DummyScene;
			sourceTree = "<group>";
		};
		21AA4B792D81872E0086697C /* Configuration */ = {
			isa = PBXGroup;
			children = (
				21AA4B5E2D8160E50086697C /* Info.plist */,
			);
			path = Configuration;
			sourceTree = "<group>";
		};
		21AA4B7A2D8187800086697C /* Scenes */ = {
			isa = PBXGroup;
			children = (
				02B31D3E2D8C4DE800EC9031 /* AuthorizationScene */,
				1F16AE612DB50C210085A17D /* RestaurantScene */,
				D5952D8A2DAAC129003F3C90 /* OnboardingScene */,
				21A606F52DB42397007BB17C /* HomeScenes */,
				21AA4B782D81864F0086697C /* DummyScene */,
				3F6C2C102D82FBE70097587A /* VerifyPhoneNumberScene */,
				D59B58742D8C8D1A0049A3F9 /* CornersButtonsScene */,
				869875442D8860DF00C7BA58 /* TextFieldsScene */,
			);
			path = Scenes;
			sourceTree = "<group>";
		};
		3F6C2C102D82FBE70097587A /* VerifyPhoneNumberScene */ = {
			isa = PBXGroup;
			children = (
				3F6C2C112D82FC1C0097587A /* VerifyPhoneNumberViewController.swift */,
				3F93A85A2DA565B300118948 /* Views */,
			);
			path = VerifyPhoneNumberScene;
			sourceTree = "<group>";
		};
		3F93A85A2DA565B300118948 /* Views */ = {
			isa = PBXGroup;
			children = (
				3F6C2C162D8333BF0097587A /* VerifyPhoneNumberView.swift */,
				3F971A992D96B1E00056334C /* PhoneNumberInputView.swift */,
				3F45F97C2D8A15BF005BD993 /* PincodeInputView.swift */,
				3F6C1D782D8D78B7002FDCDE /* PincodeTextField.swift */,
			);
			path = Views;
			sourceTree = "<group>";
		};
		3F9CC6012D9193AE0079DA39 /* Extensions */ = {
			isa = PBXGroup;
			children = (
				D57BD96C2DBD315E005052DF /* UIApplication+RootViewController.swift */,
				86F2456E2DAFA4F90037F33C /* UIToolBar+DoneButton.swift */,
				3F9CC6022D9194090079DA39 /* Optional+Sugar.swift */,
				3F9174302D99EFED0091AEB9 /* NotificationCenter+Keyboard.swift */,
			);
			path = Extensions;
			sourceTree = "<group>";
		};
		863929E42D9D262600480459 /* StringTextField */ = {
			isa = PBXGroup;
			children = (
				869875462D8860E600C7BA58 /* StringTextField.swift */,
				869876BA2D8C45AB00C7BA58 /* StringTextFieldStyle.swift */,
			);
			path = StringTextField;
			sourceTree = "<group>";
		};
		863929E52D9D263A00480459 /* PhoneTextField */ = {
			isa = PBXGroup;
			children = (
				860852222D9747BA0038A9EF /* PhoneTextField.swift */,
				869878362D918ECD00C7BA58 /* PhonePrefixView.swift */,
				8680452E2D94908D00CBE1EC /* CountryPickerView.swift */,
				8680452C2D94906B00CBE1EC /* CountryPickerCell.swift */,
				868044982D94765300CBE1EC /* CountryCodeModel.swift */,
				863929E62D9D2DAA00480459 /* PhoneNumber.swift */,
			);
			path = PhoneTextField;
			sourceTree = "<group>";
		};
		869875442D8860DF00C7BA58 /* TextFieldsScene */ = {
			isa = PBXGroup;
			children = (
				869875432D8860DF00C7BA58 /* TextFieldsViewController.swift */,
			);
			path = TextFieldsScene;
			sourceTree = "<group>";
		};
		869875482D8860E600C7BA58 /* TextFields */ = {
			isa = PBXGroup;
			children = (
				869875472D8860E600C7BA58 /* TextFieldBaseStyle.swift */,
				863929E42D9D262600480459 /* StringTextField */,
				863929E52D9D263A00480459 /* PhoneTextField */,
			);
			path = TextFields;
			sourceTree = "<group>";
		};
		CE02B8522D933581000C0557 /* LinkButton */ = {
			isa = PBXGroup;
			children = (
				CE02B8502D933581000C0557 /* LinkButton.swift */,
				CE02B8512D933581000C0557 /* LinkButtonStyle.swift */,
			);
			path = LinkButton;
			sourceTree = "<group>";
		};
		D52040512D89B502009D0D1D /* CornersButton */ = {
			isa = PBXGroup;
			children = (
				D520404F2D89B502009D0D1D /* CornersButton.swift */,
				D52040502D89B502009D0D1D /* CornersButtonStyle.swift */,
			);
			path = CornersButton;
			sourceTree = "<group>";
		};
		D5952D852DAAC129003F3C90 /* Models */ = {
			isa = PBXGroup;
			children = (
				D5952D842DAAC129003F3C90 /* OnboardingPageModel.swift */,
			);
			path = Models;
			sourceTree = "<group>";
		};
		D5952D882DAAC129003F3C90 /* Views */ = {
			isa = PBXGroup;
			children = (
				D5952D862DAAC129003F3C90 /* OnboardingPageView.swift */,
				D5952D872DAAC129003F3C90 /* OnboardingView.swift */,
			);
			path = Views;
			sourceTree = "<group>";
		};
		D5952D8A2DAAC129003F3C90 /* OnboardingScene */ = {
			isa = PBXGroup;
			children = (
				D5952D852DAAC129003F3C90 /* Models */,
				D5952D882DAAC129003F3C90 /* Views */,
				D5952D892DAAC129003F3C90 /* OnboardingViewController.swift */,
			);
			path = OnboardingScene;
			sourceTree = "<group>";
		};
		D59B58742D8C8D1A0049A3F9 /* CornersButtonsScene */ = {
			isa = PBXGroup;
			children = (
				D59B58732D8C8D1A0049A3F9 /* CornersButtonsViewController.swift */,
			);
			path = CornersButtonsScene;
			sourceTree = "<group>";
		};
/* End PBXGroup section */

/* Begin PBXNativeTarget section */
		21AA4B4C2D8160E30086697C /* iaw01 */ = {
			isa = PBXNativeTarget;
			buildConfigurationList = 21AA4B612D8160E50086697C /* Build configuration list for PBXNativeTarget "iaw01" */;
			buildPhases = (
				21AA4B492D8160E30086697C /* Sources */,
				21AA4B4A2D8160E30086697C /* Frameworks */,
				21AA4B4B2D8160E30086697C /* Resources */,
			);
			buildRules = (
			);
			dependencies = (
			);
			name = iaw01;
			productName = iaw01;
			productReference = 21AA4B4D2D8160E30086697C /* iaw01.app */;
			productType = "com.apple.product-type.application";
		};
/* End PBXNativeTarget section */

/* Begin PBXProject section */
		21AA4B452D8160E30086697C /* Project object */ = {
			isa = PBXProject;
			attributes = {
				BuildIndependentTargetsInParallel = 1;
				LastSwiftUpdateCheck = 1530;
				LastUpgradeCheck = 1630;
				TargetAttributes = {
					21AA4B4C2D8160E30086697C = {
						CreatedOnToolsVersion = 15.3;
					};
				};
			};
			buildConfigurationList = 21AA4B482D8160E30086697C /* Build configuration list for PBXProject "iaw01" */;
			compatibilityVersion = "Xcode 14.0";
			developmentRegion = en;
			hasScannedForEncodings = 0;
			knownRegions = (
				en,
				Base,
			);
			mainGroup = 21AA4B442D8160E30086697C;
			productRefGroup = 21AA4B4E2D8160E30086697C /* Products */;
			projectDirPath = "";
			projectRoot = "";
			targets = (
				21AA4B4C2D8160E30086697C /* iaw01 */,
			);
		};
/* End PBXProject section */

/* Begin PBXResourcesBuildPhase section */
		21AA4B4B2D8160E30086697C /* Resources */ = {
			isa = PBXResourcesBuildPhase;
			buildActionMask = 2147483647;
			files = (
				21AA4B762D81828D0086697C /* aeonik-medium.otf in Resources */,
				21AA4B722D817FC70086697C /* TWKEverett-Regular.otf in Resources */,
				21AA4B702D817FC00086697C /* TWKEverett-Medium.otf in Resources */,
				21AA4B5A2D8160E50086697C /* Assets.xcassets in Resources */,
			);
			runOnlyForDeploymentPostprocessing = 0;
		};
/* End PBXResourcesBuildPhase section */

/* Begin PBXSourcesBuildPhase section */
		21AA4B492D8160E30086697C /* Sources */ = {
			isa = PBXSourcesBuildPhase;
			buildActionMask = 2147483647;
			files = (
				02E4EFDD2DBBDE7500B121D8 /* StringTextField.swift in Sources */,
				02E4EFDC2DBBDE6F00B121D8 /* TextFieldBaseStyle.swift in Sources */,
				02E4EFDB2DBBDE6800B121D8 /* TextFieldsViewController.swift in Sources */,
				0288EEF52DBBCBDC0077AA20 /* Constants.swift in Sources */,
				21AA4B7C2D81880A0086697C /* Factory.swift in Sources */,
				1FBFC53D2DBCD91500691CCE /* MenuItemListDto.swift in Sources */,
				3F971A9A2D96B1E00056334C /* PhoneNumberInputView.swift in Sources */,
				21AA4B742D8180A80086697C /* Font.swift in Sources */,
				21A606F72DB423CD007BB17C /* HomeScenesCoordinator.swift in Sources */,
				3F9CC6032D9194090079DA39 /* Optional+Sugar.swift in Sources */,
				860852232D9747BA0038A9EF /* PhoneTextField.swift in Sources */,
				1FBFC5392DBCD8FF00691CCE /* RestaurantDto.swift in Sources */,
				2182AF942D8C690300B5BF26 /* ScenesTableViewCell.swift in Sources */,
				029039C82D999414008973F2 /* AuthorizationLoginView.swift in Sources */,
				02B31D422D8C78AD00EC9031 /* AuthorizationTitleView.swift in Sources */,
				02B31D442D8C793300EC9031 /* AuthorizationSegmentedControl.swift in Sources */,
				868044992D94765400CBE1EC /* CountryCodeModel.swift in Sources */,
				86F2456F2DAFA4F90037F33C /* UIToolBar+DoneButton.swift in Sources */,
				869878372D918ECD00C7BA58 /* PhonePrefixView.swift in Sources */,
				8680452D2D94906B00CBE1EC /* CountryPickerCell.swift in Sources */,
				21A606F22DB41E0F007BB17C /* ImageService.swift in Sources */,
				863929E72D9D2DAA00480459 /* PhoneNumber.swift in Sources */,
				3F6C2C172D8333BF0097587A /* VerifyPhoneNumberView.swift in Sources */,
				869876BB2D8C45AB00C7BA58 /* StringTextFieldStyle.swift in Sources */,
				D59B58752D8C8D1A0049A3F9 /* CornersButtonsViewController.swift in Sources */,
				3F9174312D99EFED0091AEB9 /* NotificationCenter+Keyboard.swift in Sources */,
				2182AF922D8C594600B5BF26 /* DummyView.swift in Sources */,
				D5DC6E9A2D9442C70063FC7A /* Constants.swift in Sources */,
				21AA4B652D81627D0086697C /* AppCoordinator.swift in Sources */,
				D5952D8B2DAAC129003F3C90 /* OnboardingView.swift in Sources */,
				D5952D8C2DAAC129003F3C90 /* OnboardingViewController.swift in Sources */,
				D5952D8D2DAAC129003F3C90 /* OnboardingPageModel.swift in Sources */,
				D5952D8E2DAAC129003F3C90 /* OnboardingPageView.swift in Sources */,
				1FA753A02D82E13700B2324C /* RestaurantTableViewCell.swift in Sources */,
				21A606EC2DB41CA4007BB17C /* NetworkError.swift in Sources */,
				1F68F47A2DB642B00034392E /* RestaurantNetworkService.swift in Sources */,
				3F6C1D792D8D78B7002FDCDE /* PincodeTextField.swift in Sources */,
				CE02B8532D933581000C0557 /* LinkButton.swift in Sources */,
				21A606F92DB42FAF007BB17C /* HomeScenesFactory.swift in Sources */,
				D57BD96D2DBD315E005052DF /* UIApplication+RootViewController.swift in Sources */,
				CEEE9CB42DA17A3E00DF1A35 /* RootTabBarController.swift in Sources */,
				CEEE9CB52DA17A3E00DF1A35 /* RoorTabBarView.swift in Sources */,
				21A606E82DB406F3007BB17C /* NetworkService.swift in Sources */,
				1F16AE622DB50C210085A17D /* RestaurantInfoView.swift in Sources */,
				1FBFC53B2DBCD90A00691CCE /* MenuDto.swift in Sources */,
				1F16AE632DB50C210085A17D /* MenuItemListModel.swift in Sources */,
				1F16AE642DB50C210085A17D /* MenuModel.swift in Sources */,
				1F16AE652DB50C210085A17D /* RestaurantViewController.swift in Sources */,
				1F16AE662DB50C210085A17D /* MenuItemsTableViewCell.swift in Sources */,
				1F16AE672DB50C210085A17D /* RestaurantView.swift in Sources */,
				1F16AE682DB50C210085A17D /* MenuTimeView.swift in Sources */,
				1F16AE692DB50C210085A17D /* RestaurantModel.swift in Sources */,
				1F16AE6A2DB50C210085A17D /* RestaurantHeaderView.swift in Sources */,
				1F16AE6B2DB50C210085A17D /* MenuItemsTableView.swift in Sources */,
				1F16AE6C2DB50C210085A17D /* HeaderView.swift in Sources */,
				CEEE9CB62DA17A3E00DF1A35 /* RootTabBarItem.swift in Sources */,
				21A606EE2DB41CC4007BB17C /* APIResponseDto.swift in Sources */,
				CE02B8542D933581000C0557 /* LinkButtonStyle.swift in Sources */,
				3F45F97D2D8A15BF005BD993 /* PincodeInputView.swift in Sources */,
				3F6C2C122D82FC1C0097587A /* VerifyPhoneNumberViewController.swift in Sources */,
				21AA4B552D8160E30086697C /* DummyViewController.swift in Sources */,
				02B31D3F2D8C4DE800EC9031 /* AuthorizationViewController.swift in Sources */,
				02B31D402D8C4DE800EC9031 /* AuthorizationView.swift in Sources */,
				1F497FC42D8C0A460040CBF3 /* DishCellModel.swift in Sources */,
				2182AF962D8C692F00B5BF26 /* SceneModel.swift in Sources */,
				21AA4B512D8160E30086697C /* AppDelegate.swift in Sources */,
				1FCF12A22D89686600386458 /* DishTableViewCell.swift in Sources */,
				1F4E868D2D881500002D5293 /* RestaurantCellModel.swift in Sources */,
				2182AF982D8C694900B5BF26 /* SceneType.swift in Sources */,
				21A606EA2DB41C8F007BB17C /* HTTPMethod.swift in Sources */,
				D52040522D89B502009D0D1D /* CornersButtonStyle.swift in Sources */,
				D52040532D89B502009D0D1D /* CornersButton.swift in Sources */,
				21AA4B532D8160E30086697C /* SceneDelegate.swift in Sources */,
				029039CA2D999429008973F2 /* AuthorizationSignupView.swift in Sources */,
				02101C0D2DA84EA600ADF6A5 /* AuthorizationModel.swift in Sources */,
				02B31D482D8C797C00EC9031 /* AuthorizationSocialButtonsView.swift in Sources */,
				8680452F2D94908D00CBE1EC /* CountryPickerView.swift in Sources */,
			);
			runOnlyForDeploymentPostprocessing = 0;
		};
/* End PBXSourcesBuildPhase section */

/* Begin XCBuildConfiguration section */
		21AA4B5F2D8160E50086697C /* Debug */ = {
			isa = XCBuildConfiguration;
			buildSettings = {
				ALWAYS_SEARCH_USER_PATHS = NO;
				ASSETCATALOG_COMPILER_GENERATE_SWIFT_ASSET_SYMBOL_EXTENSIONS = YES;
				CLANG_ANALYZER_NONNULL = YES;
				CLANG_ANALYZER_NUMBER_OBJECT_CONVERSION = YES_AGGRESSIVE;
				CLANG_CXX_LANGUAGE_STANDARD = "gnu++20";
				CLANG_ENABLE_MODULES = YES;
				CLANG_ENABLE_OBJC_ARC = YES;
				CLANG_ENABLE_OBJC_WEAK = YES;
				CLANG_WARN_BLOCK_CAPTURE_AUTORELEASING = YES;
				CLANG_WARN_BOOL_CONVERSION = YES;
				CLANG_WARN_COMMA = YES;
				CLANG_WARN_CONSTANT_CONVERSION = YES;
				CLANG_WARN_DEPRECATED_OBJC_IMPLEMENTATIONS = YES;
				CLANG_WARN_DIRECT_OBJC_ISA_USAGE = YES_ERROR;
				CLANG_WARN_DOCUMENTATION_COMMENTS = YES;
				CLANG_WARN_EMPTY_BODY = YES;
				CLANG_WARN_ENUM_CONVERSION = YES;
				CLANG_WARN_INFINITE_RECURSION = YES;
				CLANG_WARN_INT_CONVERSION = YES;
				CLANG_WARN_NON_LITERAL_NULL_CONVERSION = YES;
				CLANG_WARN_OBJC_IMPLICIT_RETAIN_SELF = YES;
				CLANG_WARN_OBJC_LITERAL_CONVERSION = YES;
				CLANG_WARN_OBJC_ROOT_CLASS = YES_ERROR;
				CLANG_WARN_QUOTED_INCLUDE_IN_FRAMEWORK_HEADER = YES;
				CLANG_WARN_RANGE_LOOP_ANALYSIS = YES;
				CLANG_WARN_STRICT_PROTOTYPES = YES;
				CLANG_WARN_SUSPICIOUS_MOVE = YES;
				CLANG_WARN_UNGUARDED_AVAILABILITY = YES_AGGRESSIVE;
				CLANG_WARN_UNREACHABLE_CODE = YES;
				CLANG_WARN__DUPLICATE_METHOD_MATCH = YES;
				COPY_PHASE_STRIP = NO;
				DEBUG_INFORMATION_FORMAT = dwarf;
				DEVELOPMENT_TEAM = 29RYDJC44R;
				ENABLE_STRICT_OBJC_MSGSEND = YES;
				ENABLE_TESTABILITY = YES;
				ENABLE_USER_SCRIPT_SANDBOXING = YES;
				GCC_C_LANGUAGE_STANDARD = gnu17;
				GCC_DYNAMIC_NO_PIC = NO;
				GCC_NO_COMMON_BLOCKS = YES;
				GCC_OPTIMIZATION_LEVEL = 0;
				GCC_PREPROCESSOR_DEFINITIONS = (
					"DEBUG=1",
					"$(inherited)",
				);
				GCC_WARN_64_TO_32_BIT_CONVERSION = YES;
				GCC_WARN_ABOUT_RETURN_TYPE = YES_ERROR;
				GCC_WARN_UNDECLARED_SELECTOR = YES;
				GCC_WARN_UNINITIALIZED_AUTOS = YES_AGGRESSIVE;
				GCC_WARN_UNUSED_FUNCTION = YES;
				GCC_WARN_UNUSED_VARIABLE = YES;
				IPHONEOS_DEPLOYMENT_TARGET = 17.4;
				LOCALIZATION_PREFERS_STRING_CATALOGS = YES;
				MTL_ENABLE_DEBUG_INFO = INCLUDE_SOURCE;
				MTL_FAST_MATH = YES;
				ONLY_ACTIVE_ARCH = YES;
				SDKROOT = iphoneos;
				SWIFT_ACTIVE_COMPILATION_CONDITIONS = "DEBUG $(inherited)";
				SWIFT_OPTIMIZATION_LEVEL = "-Onone";
			};
			name = Debug;
		};
		21AA4B602D8160E50086697C /* Release */ = {
			isa = XCBuildConfiguration;
			buildSettings = {
				ALWAYS_SEARCH_USER_PATHS = NO;
				ASSETCATALOG_COMPILER_GENERATE_SWIFT_ASSET_SYMBOL_EXTENSIONS = YES;
				CLANG_ANALYZER_NONNULL = YES;
				CLANG_ANALYZER_NUMBER_OBJECT_CONVERSION = YES_AGGRESSIVE;
				CLANG_CXX_LANGUAGE_STANDARD = "gnu++20";
				CLANG_ENABLE_MODULES = YES;
				CLANG_ENABLE_OBJC_ARC = YES;
				CLANG_ENABLE_OBJC_WEAK = YES;
				CLANG_WARN_BLOCK_CAPTURE_AUTORELEASING = YES;
				CLANG_WARN_BOOL_CONVERSION = YES;
				CLANG_WARN_COMMA = YES;
				CLANG_WARN_CONSTANT_CONVERSION = YES;
				CLANG_WARN_DEPRECATED_OBJC_IMPLEMENTATIONS = YES;
				CLANG_WARN_DIRECT_OBJC_ISA_USAGE = YES_ERROR;
				CLANG_WARN_DOCUMENTATION_COMMENTS = YES;
				CLANG_WARN_EMPTY_BODY = YES;
				CLANG_WARN_ENUM_CONVERSION = YES;
				CLANG_WARN_INFINITE_RECURSION = YES;
				CLANG_WARN_INT_CONVERSION = YES;
				CLANG_WARN_NON_LITERAL_NULL_CONVERSION = YES;
				CLANG_WARN_OBJC_IMPLICIT_RETAIN_SELF = YES;
				CLANG_WARN_OBJC_LITERAL_CONVERSION = YES;
				CLANG_WARN_OBJC_ROOT_CLASS = YES_ERROR;
				CLANG_WARN_QUOTED_INCLUDE_IN_FRAMEWORK_HEADER = YES;
				CLANG_WARN_RANGE_LOOP_ANALYSIS = YES;
				CLANG_WARN_STRICT_PROTOTYPES = YES;
				CLANG_WARN_SUSPICIOUS_MOVE = YES;
				CLANG_WARN_UNGUARDED_AVAILABILITY = YES_AGGRESSIVE;
				CLANG_WARN_UNREACHABLE_CODE = YES;
				CLANG_WARN__DUPLICATE_METHOD_MATCH = YES;
				COPY_PHASE_STRIP = NO;
				DEBUG_INFORMATION_FORMAT = "dwarf-with-dsym";
				DEVELOPMENT_TEAM = 29RYDJC44R;
				ENABLE_NS_ASSERTIONS = NO;
				ENABLE_STRICT_OBJC_MSGSEND = YES;
				ENABLE_USER_SCRIPT_SANDBOXING = YES;
				GCC_C_LANGUAGE_STANDARD = gnu17;
				GCC_NO_COMMON_BLOCKS = YES;
				GCC_WARN_64_TO_32_BIT_CONVERSION = YES;
				GCC_WARN_ABOUT_RETURN_TYPE = YES_ERROR;
				GCC_WARN_UNDECLARED_SELECTOR = YES;
				GCC_WARN_UNINITIALIZED_AUTOS = YES_AGGRESSIVE;
				GCC_WARN_UNUSED_FUNCTION = YES;
				GCC_WARN_UNUSED_VARIABLE = YES;
				IPHONEOS_DEPLOYMENT_TARGET = 17.4;
				LOCALIZATION_PREFERS_STRING_CATALOGS = YES;
				MTL_ENABLE_DEBUG_INFO = NO;
				MTL_FAST_MATH = YES;
				SDKROOT = iphoneos;
				SWIFT_COMPILATION_MODE = wholemodule;
				VALIDATE_PRODUCT = YES;
			};
			name = Release;
		};
		21AA4B622D8160E50086697C /* Debug */ = {
			isa = XCBuildConfiguration;
			buildSettings = {
				ASSETCATALOG_COMPILER_APPICON_NAME = AppIcon;
				ASSETCATALOG_COMPILER_GLOBAL_ACCENT_COLOR_NAME = AccentColor;
				CODE_SIGN_STYLE = Automatic;
				CURRENT_PROJECT_VERSION = 1;
				GENERATE_INFOPLIST_FILE = YES;
				INFOPLIST_FILE = iaw01/Configuration/Info.plist;
				INFOPLIST_KEY_UIApplicationSupportsIndirectInputEvents = YES;
				INFOPLIST_KEY_UILaunchStoryboardName = LaunchScreen;
				INFOPLIST_KEY_UIMainStoryboardFile = "";
				INFOPLIST_KEY_UISupportedInterfaceOrientations = UIInterfaceOrientationPortrait;
				INFOPLIST_KEY_UISupportedInterfaceOrientations_iPad = "UIInterfaceOrientationLandscapeLeft UIInterfaceOrientationLandscapeRight UIInterfaceOrientationPortrait UIInterfaceOrientationPortraitUpsideDown";
				IPHONEOS_DEPLOYMENT_TARGET = 16.0;
				LD_RUNPATH_SEARCH_PATHS = (
					"$(inherited)",
					"@executable_path/Frameworks",
				);
				MARKETING_VERSION = 1.0;
				PRODUCT_BUNDLE_IDENTIFIER = ru.trambalda.iaw01;
				PRODUCT_NAME = "$(TARGET_NAME)";
				SUPPORTED_PLATFORMS = "iphoneos iphonesimulator";
				SUPPORTS_MACCATALYST = NO;
				SUPPORTS_MAC_DESIGNED_FOR_IPHONE_IPAD = NO;
				SUPPORTS_XR_DESIGNED_FOR_IPHONE_IPAD = NO;
				SWIFT_EMIT_LOC_STRINGS = YES;
				SWIFT_VERSION = 5.0;
				TARGETED_DEVICE_FAMILY = 1;
			};
			name = Debug;
		};
		21AA4B632D8160E50086697C /* Release */ = {
			isa = XCBuildConfiguration;
			buildSettings = {
				ASSETCATALOG_COMPILER_APPICON_NAME = AppIcon;
				ASSETCATALOG_COMPILER_GLOBAL_ACCENT_COLOR_NAME = AccentColor;
				CODE_SIGN_STYLE = Automatic;
				CURRENT_PROJECT_VERSION = 1;
				DEVELOPMENT_TEAM = YWY49JTZKC;
				GENERATE_INFOPLIST_FILE = YES;
				INFOPLIST_FILE = iaw01/Configuration/Info.plist;
				INFOPLIST_KEY_UIApplicationSupportsIndirectInputEvents = YES;
				INFOPLIST_KEY_UILaunchStoryboardName = LaunchScreen;
				INFOPLIST_KEY_UIMainStoryboardFile = "";
				INFOPLIST_KEY_UISupportedInterfaceOrientations = UIInterfaceOrientationPortrait;
				INFOPLIST_KEY_UISupportedInterfaceOrientations_iPad = "UIInterfaceOrientationLandscapeLeft UIInterfaceOrientationLandscapeRight UIInterfaceOrientationPortrait UIInterfaceOrientationPortraitUpsideDown";
				IPHONEOS_DEPLOYMENT_TARGET = 16.0;
				LD_RUNPATH_SEARCH_PATHS = (
					"$(inherited)",
					"@executable_path/Frameworks",
				);
				MARKETING_VERSION = 1.0;
				PRODUCT_BUNDLE_IDENTIFIER = iCleverStyle;
				PRODUCT_NAME = "$(TARGET_NAME)";
				SUPPORTED_PLATFORMS = "iphoneos iphonesimulator";
				SUPPORTS_MACCATALYST = NO;
				SUPPORTS_MAC_DESIGNED_FOR_IPHONE_IPAD = NO;
				SUPPORTS_XR_DESIGNED_FOR_IPHONE_IPAD = NO;
				SWIFT_EMIT_LOC_STRINGS = YES;
				SWIFT_VERSION = 5.0;
				TARGETED_DEVICE_FAMILY = 1;
			};
			name = Release;
		};
/* End XCBuildConfiguration section */

/* Begin XCConfigurationList section */
		21AA4B482D8160E30086697C /* Build configuration list for PBXProject "iaw01" */ = {
			isa = XCConfigurationList;
			buildConfigurations = (
				21AA4B5F2D8160E50086697C /* Debug */,
				21AA4B602D8160E50086697C /* Release */,
			);
			defaultConfigurationIsVisible = 0;
			defaultConfigurationName = Release;
		};
		21AA4B612D8160E50086697C /* Build configuration list for PBXNativeTarget "iaw01" */ = {
			isa = XCConfigurationList;
			buildConfigurations = (
				21AA4B622D8160E50086697C /* Debug */,
				21AA4B632D8160E50086697C /* Release */,
			);
			defaultConfigurationIsVisible = 0;
			defaultConfigurationName = Release;
		};
/* End XCConfigurationList section */
	};
	rootObject = 21AA4B452D8160E30086697C /* Project object */;
}
