// !$*UTF8*$!
{
	archiveVersion = 1;
	classes = {
	};
	objectVersion = 56;
	objects = {

/* Begin PBXBuildFile section */
		1F497FC42D8C0A460040CBF3 /* DishCellModel.swift in Sources */ = {isa = PBXBuildFile; fileRef = 1F4E868A2D8814EB002D5293 /* DishCellModel.swift */; };
		1F4E868D2D881500002D5293 /* RestaurantCellModel.swift in Sources */ = {isa = PBXBuildFile; fileRef = 1F4E868C2D881500002D5293 /* RestaurantCellModel.swift */; };
		1FA753A02D82E13700B2324C /* RestaurantTableViewCell.swift in Sources */ = {isa = PBXBuildFile; fileRef = 1FA7539F2D82E13700B2324C /* RestaurantTableViewCell.swift */; };
		1FCF12A22D89686600386458 /* DishTableViewCell.swift in Sources */ = {isa = PBXBuildFile; fileRef = 1FCF12A12D89686600386458 /* DishTableViewCell.swift */; };
		2182AF922D8C594600B5BF26 /* DummyView.swift in Sources */ = {isa = PBXBuildFile; fileRef = 2182AF912D8C594600B5BF26 /* DummyView.swift */; };
		2182AF942D8C690300B5BF26 /* ScenesTableViewCell.swift in Sources */ = {isa = PBXBuildFile; fileRef = 2182AF932D8C690300B5BF26 /* ScenesTableViewCell.swift */; };
		2182AF962D8C692F00B5BF26 /* SceneModel.swift in Sources */ = {isa = PBXBuildFile; fileRef = 2182AF952D8C692F00B5BF26 /* SceneModel.swift */; };
		2182AF982D8C694900B5BF26 /* SceneType.swift in Sources */ = {isa = PBXBuildFile; fileRef = 2182AF972D8C694900B5BF26 /* SceneType.swift */; };
		21A606E82DB406F3007BB17C /* NetworkService.swift in Sources */ = {isa = PBXBuildFile; fileRef = 21A606E72DB406F3007BB17C /* NetworkService.swift */; };
		21A606EA2DB41C8F007BB17C /* HTTPMethod.swift in Sources */ = {isa = PBXBuildFile; fileRef = 21A606E92DB41C8F007BB17C /* HTTPMethod.swift */; };
		21A606EC2DB41CA4007BB17C /* NetworkError.swift in Sources */ = {isa = PBXBuildFile; fileRef = 21A606EB2DB41CA4007BB17C /* NetworkError.swift */; };
		21A606EE2DB41CC4007BB17C /* APIResponseDto.swift in Sources */ = {isa = PBXBuildFile; fileRef = 21A606ED2DB41CC4007BB17C /* APIResponseDto.swift */; };
		21A606F22DB41E0F007BB17C /* ImageService.swift in Sources */ = {isa = PBXBuildFile; fileRef = 21A606F12DB41E0F007BB17C /* ImageService.swift */; };
		21A606F72DB423CD007BB17C /* HomeScenesCoordinator.swift in Sources */ = {isa = PBXBuildFile; fileRef = 21A606F62DB423CD007BB17C /* HomeScenesCoordinator.swift */; };
		21A606F92DB42FAF007BB17C /* HomeScenesFactory.swift in Sources */ = {isa = PBXBuildFile; fileRef = 21A606F82DB42FAF007BB17C /* HomeScenesFactory.swift */; };
		21AA4B512D8160E30086697C /* AppDelegate.swift in Sources */ = {isa = PBXBuildFile; fileRef = 21AA4B502D8160E30086697C /* AppDelegate.swift */; };
		21AA4B532D8160E30086697C /* SceneDelegate.swift in Sources */ = {isa = PBXBuildFile; fileRef = 21AA4B522D8160E30086697C /* SceneDelegate.swift */; };
		21AA4B552D8160E30086697C /* DummyViewController.swift in Sources */ = {isa = PBXBuildFile; fileRef = 21AA4B542D8160E30086697C /* DummyViewController.swift */; };
		21AA4B5A2D8160E50086697C /* Assets.xcassets in Resources */ = {isa = PBXBuildFile; fileRef = 21AA4B592D8160E50086697C /* Assets.xcassets */; };
		21AA4B652D81627D0086697C /* AppCoordinator.swift in Sources */ = {isa = PBXBuildFile; fileRef = 21AA4B642D81627D0086697C /* AppCoordinator.swift */; };
		21AA4B702D817FC00086697C /* TWKEverett-Medium.otf in Resources */ = {isa = PBXBuildFile; fileRef = 21AA4B6F2D817FC00086697C /* TWKEverett-Medium.otf */; };
		21AA4B722D817FC70086697C /* TWKEverett-Regular.otf in Resources */ = {isa = PBXBuildFile; fileRef = 21AA4B712D817FC70086697C /* TWKEverett-Regular.otf */; };
		21AA4B742D8180A80086697C /* Font.swift in Sources */ = {isa = PBXBuildFile; fileRef = 21AA4B732D8180A80086697C /* Font.swift */; };
		21AA4B762D81828D0086697C /* aeonik-medium.otf in Resources */ = {isa = PBXBuildFile; fileRef = 21AA4B752D81828D0086697C /* aeonik-medium.otf */; };
		21AA4B7C2D81880A0086697C /* Factory.swift in Sources */ = {isa = PBXBuildFile; fileRef = 21AA4B7B2D81880A0086697C /* Factory.swift */; };
		3F45F97D2D8A15BF005BD993 /* PincodeInputView.swift in Sources */ = {isa = PBXBuildFile; fileRef = 3F45F97C2D8A15BF005BD993 /* PincodeInputView.swift */; };
		3F6C1D792D8D78B7002FDCDE /* PincodeTextField.swift in Sources */ = {isa = PBXBuildFile; fileRef = 3F6C1D782D8D78B7002FDCDE /* PincodeTextField.swift */; };
		3F6C2C122D82FC1C0097587A /* VerifyPhoneNumberViewController.swift in Sources */ = {isa = PBXBuildFile; fileRef = 3F6C2C112D82FC1C0097587A /* VerifyPhoneNumberViewController.swift */; };
		3F6C2C172D8333BF0097587A /* VerifyPhoneNumberView.swift in Sources */ = {isa = PBXBuildFile; fileRef = 3F6C2C162D8333BF0097587A /* VerifyPhoneNumberView.swift */; };
		3F8980F22DB1655E00F670A9 /* ProfileViewController.swift in Sources */ = {isa = PBXBuildFile; fileRef = 3F8980F12DB1655E00F670A9 /* ProfileViewController.swift */; };
		3F9174312D99EFED0091AEB9 /* NotificationCenter+Keyboard.swift in Sources */ = {isa = PBXBuildFile; fileRef = 3F9174302D99EFED0091AEB9 /* NotificationCenter+Keyboard.swift */; };
		3F971A9A2D96B1E00056334C /* PhoneNumberInputView.swift in Sources */ = {isa = PBXBuildFile; fileRef = 3F971A992D96B1E00056334C /* PhoneNumberInputView.swift */; };
		3F98921A2DCA06C500A03C65 /* CropViewController.swift in Sources */ = {isa = PBXBuildFile; fileRef = 3F9892192DCA06C500A03C65 /* CropViewController.swift */; };
		3F98921C2DCA0AFC00A03C65 /* File.swift in Sources */ = {isa = PBXBuildFile; fileRef = 3F98921B2DCA0AFC00A03C65 /* File.swift */; };
		3F9CC6032D9194090079DA39 /* Optional+Sugar.swift in Sources */ = {isa = PBXBuildFile; fileRef = 3F9CC6022D9194090079DA39 /* Optional+Sugar.swift */; };
		3F9D5AD12DBB942000846D84 /* ProfileView.swift in Sources */ = {isa = PBXBuildFile; fileRef = 3F9D5AD02DBB942000846D84 /* ProfileView.swift */; };
		3FDD671E2DC1224000238A67 /* ProfileModel.swift in Sources */ = {isa = PBXBuildFile; fileRef = 3FDD671D2DC1224000238A67 /* ProfileModel.swift */; };
		860852232D9747BA0038A9EF /* PhoneTextField.swift in Sources */ = {isa = PBXBuildFile; fileRef = 860852222D9747BA0038A9EF /* PhoneTextField.swift */; };
		863929E72D9D2DAA00480459 /* PhoneNumber.swift in Sources */ = {isa = PBXBuildFile; fileRef = 863929E62D9D2DAA00480459 /* PhoneNumber.swift */; };
		868044992D94765400CBE1EC /* CountryCodeModel.swift in Sources */ = {isa = PBXBuildFile; fileRef = 868044982D94765300CBE1EC /* CountryCodeModel.swift */; };
		8680452D2D94906B00CBE1EC /* CountryPickerCell.swift in Sources */ = {isa = PBXBuildFile; fileRef = 8680452C2D94906B00CBE1EC /* CountryPickerCell.swift */; };
		8680452F2D94908D00CBE1EC /* CountryPickerView.swift in Sources */ = {isa = PBXBuildFile; fileRef = 8680452E2D94908D00CBE1EC /* CountryPickerView.swift */; };
		869875452D8860DF00C7BA58 /* TextFieldsViewController.swift in Sources */ = {isa = PBXBuildFile; fileRef = 869875432D8860DF00C7BA58 /* TextFieldsViewController.swift */; };
		8698754A2D8860E600C7BA58 /* StringTextField.swift in Sources */ = {isa = PBXBuildFile; fileRef = 869875462D8860E600C7BA58 /* StringTextField.swift */; };
		8698754B2D8860E600C7BA58 /* TextFieldBaseStyle.swift in Sources */ = {isa = PBXBuildFile; fileRef = 869875472D8860E600C7BA58 /* TextFieldBaseStyle.swift */; };
		869876BB2D8C45AB00C7BA58 /* StringTextFieldStyle.swift in Sources */ = {isa = PBXBuildFile; fileRef = 869876BA2D8C45AB00C7BA58 /* StringTextFieldStyle.swift */; };
		869878372D918ECD00C7BA58 /* PhonePrefixView.swift in Sources */ = {isa = PBXBuildFile; fileRef = 869878362D918ECD00C7BA58 /* PhonePrefixView.swift */; };
		86F2456F2DAFA4F90037F33C /* UIToolBar+DoneButton.swift in Sources */ = {isa = PBXBuildFile; fileRef = 86F2456E2DAFA4F90037F33C /* UIToolBar+DoneButton.swift */; };
		CE02B8532D933581000C0557 /* LinkButton.swift in Sources */ = {isa = PBXBuildFile; fileRef = CE02B8502D933581000C0557 /* LinkButton.swift */; };
		CE02B8542D933581000C0557 /* LinkButtonStyle.swift in Sources */ = {isa = PBXBuildFile; fileRef = CE02B8512D933581000C0557 /* LinkButtonStyle.swift */; };
		CE4D24C52D95C88E00325BAE /* Constants.swift in Sources */ = {isa = PBXBuildFile; fileRef = CE4D24C42D95C88400325BAE /* Constants.swift */; };
		CEEE9CB42DA17A3E00DF1A35 /* RootTabBarController.swift in Sources */ = {isa = PBXBuildFile; fileRef = CEEE9CB22DA17A3E00DF1A35 /* RootTabBarController.swift */; };
		CEEE9CB52DA17A3E00DF1A35 /* RoorTabBarView.swift in Sources */ = {isa = PBXBuildFile; fileRef = CEEE9CB12DA17A3E00DF1A35 /* RoorTabBarView.swift */; };
		CEEE9CB62DA17A3E00DF1A35 /* RootTabBarItem.swift in Sources */ = {isa = PBXBuildFile; fileRef = CEEE9CB32DA17A3E00DF1A35 /* RootTabBarItem.swift */; };
		D52040522D89B502009D0D1D /* CornersButtonStyle.swift in Sources */ = {isa = PBXBuildFile; fileRef = D52040502D89B502009D0D1D /* CornersButtonStyle.swift */; };
		D52040532D89B502009D0D1D /* CornersButton.swift in Sources */ = {isa = PBXBuildFile; fileRef = D520404F2D89B502009D0D1D /* CornersButton.swift */; };
		D59B58752D8C8D1A0049A3F9 /* CornersButtonsViewController.swift in Sources */ = {isa = PBXBuildFile; fileRef = D59B58732D8C8D1A0049A3F9 /* CornersButtonsViewController.swift */; };
/* End PBXBuildFile section */

/* Begin PBXFileReference section */
		1F4E868A2D8814EB002D5293 /* DishCellModel.swift */ = {isa = PBXFileReference; lastKnownFileType = sourcecode.swift; path = DishCellModel.swift; sourceTree = "<group>"; };
		1F4E868C2D881500002D5293 /* RestaurantCellModel.swift */ = {isa = PBXFileReference; lastKnownFileType = sourcecode.swift; path = RestaurantCellModel.swift; sourceTree = "<group>"; };
		1FA7539F2D82E13700B2324C /* RestaurantTableViewCell.swift */ = {isa = PBXFileReference; lastKnownFileType = sourcecode.swift; path = RestaurantTableViewCell.swift; sourceTree = "<group>"; };
		1FCF12A12D89686600386458 /* DishTableViewCell.swift */ = {isa = PBXFileReference; lastKnownFileType = sourcecode.swift; path = DishTableViewCell.swift; sourceTree = "<group>"; };
		2182AF912D8C594600B5BF26 /* DummyView.swift */ = {isa = PBXFileReference; lastKnownFileType = sourcecode.swift; path = DummyView.swift; sourceTree = "<group>"; };
		2182AF932D8C690300B5BF26 /* ScenesTableViewCell.swift */ = {isa = PBXFileReference; lastKnownFileType = sourcecode.swift; path = ScenesTableViewCell.swift; sourceTree = "<group>"; };
		2182AF952D8C692F00B5BF26 /* SceneModel.swift */ = {isa = PBXFileReference; lastKnownFileType = sourcecode.swift; path = SceneModel.swift; sourceTree = "<group>"; };
		2182AF972D8C694900B5BF26 /* SceneType.swift */ = {isa = PBXFileReference; lastKnownFileType = sourcecode.swift; path = SceneType.swift; sourceTree = "<group>"; };
		21A606E72DB406F3007BB17C /* NetworkService.swift */ = {isa = PBXFileReference; lastKnownFileType = sourcecode.swift; path = NetworkService.swift; sourceTree = "<group>"; };
		21A606E92DB41C8F007BB17C /* HTTPMethod.swift */ = {isa = PBXFileReference; lastKnownFileType = sourcecode.swift; path = HTTPMethod.swift; sourceTree = "<group>"; };
		21A606EB2DB41CA4007BB17C /* NetworkError.swift */ = {isa = PBXFileReference; lastKnownFileType = sourcecode.swift; path = NetworkError.swift; sourceTree = "<group>"; };
		21A606ED2DB41CC4007BB17C /* APIResponseDto.swift */ = {isa = PBXFileReference; lastKnownFileType = sourcecode.swift; path = APIResponseDto.swift; sourceTree = "<group>"; };
		21A606F12DB41E0F007BB17C /* ImageService.swift */ = {isa = PBXFileReference; lastKnownFileType = sourcecode.swift; path = ImageService.swift; sourceTree = "<group>"; };
		21A606F62DB423CD007BB17C /* HomeScenesCoordinator.swift */ = {isa = PBXFileReference; lastKnownFileType = sourcecode.swift; name = HomeScenesCoordinator.swift; path = iaw01/Scenes/HomeScenesCoordinator.swift; sourceTree = SOURCE_ROOT; };
		21A606F82DB42FAF007BB17C /* HomeScenesFactory.swift */ = {isa = PBXFileReference; lastKnownFileType = sourcecode.swift; path = HomeScenesFactory.swift; sourceTree = "<group>"; };
		21AA4B4D2D8160E30086697C /* iaw01.app */ = {isa = PBXFileReference; explicitFileType = wrapper.application; includeInIndex = 0; path = iaw01.app; sourceTree = BUILT_PRODUCTS_DIR; };
		21AA4B502D8160E30086697C /* AppDelegate.swift */ = {isa = PBXFileReference; lastKnownFileType = sourcecode.swift; path = AppDelegate.swift; sourceTree = "<group>"; };
		21AA4B522D8160E30086697C /* SceneDelegate.swift */ = {isa = PBXFileReference; lastKnownFileType = sourcecode.swift; path = SceneDelegate.swift; sourceTree = "<group>"; };
		21AA4B542D8160E30086697C /* DummyViewController.swift */ = {isa = PBXFileReference; lastKnownFileType = sourcecode.swift; path = DummyViewController.swift; sourceTree = "<group>"; };
		21AA4B592D8160E50086697C /* Assets.xcassets */ = {isa = PBXFileReference; lastKnownFileType = folder.assetcatalog; path = Assets.xcassets; sourceTree = "<group>"; };
		21AA4B5E2D8160E50086697C /* Info.plist */ = {isa = PBXFileReference; lastKnownFileType = text.plist.xml; path = Info.plist; sourceTree = "<group>"; };
		21AA4B642D81627D0086697C /* AppCoordinator.swift */ = {isa = PBXFileReference; lastKnownFileType = sourcecode.swift; path = AppCoordinator.swift; sourceTree = "<group>"; };
		21AA4B6F2D817FC00086697C /* TWKEverett-Medium.otf */ = {isa = PBXFileReference; lastKnownFileType = file; path = "TWKEverett-Medium.otf"; sourceTree = "<group>"; };
		21AA4B712D817FC70086697C /* TWKEverett-Regular.otf */ = {isa = PBXFileReference; lastKnownFileType = file; path = "TWKEverett-Regular.otf"; sourceTree = "<group>"; };
		21AA4B732D8180A80086697C /* Font.swift */ = {isa = PBXFileReference; lastKnownFileType = sourcecode.swift; path = Font.swift; sourceTree = "<group>"; };
		21AA4B752D81828D0086697C /* aeonik-medium.otf */ = {isa = PBXFileReference; lastKnownFileType = file; path = "aeonik-medium.otf"; sourceTree = "<group>"; };
		21AA4B7B2D81880A0086697C /* Factory.swift */ = {isa = PBXFileReference; lastKnownFileType = sourcecode.swift; path = Factory.swift; sourceTree = "<group>"; };
		21AA4B7D2D818F380086697C /* README.md */ = {isa = PBXFileReference; lastKnownFileType = net.daringfireball.markdown; path = README.md; sourceTree = "<group>"; };
		3F45F97C2D8A15BF005BD993 /* PincodeInputView.swift */ = {isa = PBXFileReference; lastKnownFileType = sourcecode.swift; path = PincodeInputView.swift; sourceTree = "<group>"; };
		3F6C1D782D8D78B7002FDCDE /* PincodeTextField.swift */ = {isa = PBXFileReference; lastKnownFileType = sourcecode.swift; path = PincodeTextField.swift; sourceTree = "<group>"; };
		3F6C2C112D82FC1C0097587A /* VerifyPhoneNumberViewController.swift */ = {isa = PBXFileReference; lastKnownFileType = sourcecode.swift; path = VerifyPhoneNumberViewController.swift; sourceTree = "<group>"; };
		3F6C2C162D8333BF0097587A /* VerifyPhoneNumberView.swift */ = {isa = PBXFileReference; lastKnownFileType = sourcecode.swift; path = VerifyPhoneNumberView.swift; sourceTree = "<group>"; };
		3F8980F12DB1655E00F670A9 /* ProfileViewController.swift */ = {isa = PBXFileReference; lastKnownFileType = sourcecode.swift; path = ProfileViewController.swift; sourceTree = "<group>"; };
		3F8A0CE72DB3EDCA006EDA29 /* iaw01.xcodeproj */ = {isa = PBXFileReference; lastKnownFileType = "wrapper.pb-project"; path = iaw01.xcodeproj; sourceTree = SOURCE_ROOT; };
		3F9174302D99EFED0091AEB9 /* NotificationCenter+Keyboard.swift */ = {isa = PBXFileReference; lastKnownFileType = sourcecode.swift; path = "NotificationCenter+Keyboard.swift"; sourceTree = "<group>"; };
		3F971A992D96B1E00056334C /* PhoneNumberInputView.swift */ = {isa = PBXFileReference; lastKnownFileType = sourcecode.swift; path = PhoneNumberInputView.swift; sourceTree = "<group>"; };
		3F9892192DCA06C500A03C65 /* CropViewController.swift */ = {isa = PBXFileReference; lastKnownFileType = sourcecode.swift; path = CropViewController.swift; sourceTree = "<group>"; };
		3F98921B2DCA0AFC00A03C65 /* File.swift */ = {isa = PBXFileReference; lastKnownFileType = sourcecode.swift; path = File.swift; sourceTree = "<group>"; };
		3F9CC6022D9194090079DA39 /* Optional+Sugar.swift */ = {isa = PBXFileReference; lastKnownFileType = sourcecode.swift; path = "Optional+Sugar.swift"; sourceTree = "<group>"; };
		3F9D5AD02DBB942000846D84 /* ProfileView.swift */ = {isa = PBXFileReference; lastKnownFileType = sourcecode.swift; path = ProfileView.swift; sourceTree = "<group>"; };
		3FDD671D2DC1224000238A67 /* ProfileModel.swift */ = {isa = PBXFileReference; lastKnownFileType = sourcecode.swift; path = ProfileModel.swift; sourceTree = "<group>"; };
		860852222D9747BA0038A9EF /* PhoneTextField.swift */ = {isa = PBXFileReference; lastKnownFileType = sourcecode.swift; path = PhoneTextField.swift; sourceTree = "<group>"; };
		863929E62D9D2DAA00480459 /* PhoneNumber.swift */ = {isa = PBXFileReference; lastKnownFileType = sourcecode.swift; path = PhoneNumber.swift; sourceTree = "<group>"; };
		868044982D94765300CBE1EC /* CountryCodeModel.swift */ = {isa = PBXFileReference; lastKnownFileType = sourcecode.swift; path = CountryCodeModel.swift; sourceTree = "<group>"; };
		8680452C2D94906B00CBE1EC /* CountryPickerCell.swift */ = {isa = PBXFileReference; lastKnownFileType = sourcecode.swift; path = CountryPickerCell.swift; sourceTree = "<group>"; };
		8680452E2D94908D00CBE1EC /* CountryPickerView.swift */ = {isa = PBXFileReference; lastKnownFileType = sourcecode.swift; path = CountryPickerView.swift; sourceTree = "<group>"; };
		869875432D8860DF00C7BA58 /* TextFieldsViewController.swift */ = {isa = PBXFileReference; lastKnownFileType = sourcecode.swift; path = TextFieldsViewController.swift; sourceTree = "<group>"; };
		869875462D8860E600C7BA58 /* StringTextField.swift */ = {isa = PBXFileReference; lastKnownFileType = sourcecode.swift; path = StringTextField.swift; sourceTree = "<group>"; };
		869875472D8860E600C7BA58 /* TextFieldBaseStyle.swift */ = {isa = PBXFileReference; lastKnownFileType = sourcecode.swift; path = TextFieldBaseStyle.swift; sourceTree = "<group>"; };
		869876BA2D8C45AB00C7BA58 /* StringTextFieldStyle.swift */ = {isa = PBXFileReference; lastKnownFileType = sourcecode.swift; path = StringTextFieldStyle.swift; sourceTree = "<group>"; };
		869878362D918ECD00C7BA58 /* PhonePrefixView.swift */ = {isa = PBXFileReference; lastKnownFileType = sourcecode.swift; path = PhonePrefixView.swift; sourceTree = "<group>"; };
		86F2456E2DAFA4F90037F33C /* UIToolBar+DoneButton.swift */ = {isa = PBXFileReference; lastKnownFileType = sourcecode.swift; path = "UIToolBar+DoneButton.swift"; sourceTree = "<group>"; };
		CE02B8502D933581000C0557 /* LinkButton.swift */ = {isa = PBXFileReference; lastKnownFileType = sourcecode.swift; path = LinkButton.swift; sourceTree = "<group>"; };
		CE02B8512D933581000C0557 /* LinkButtonStyle.swift */ = {isa = PBXFileReference; lastKnownFileType = sourcecode.swift; path = LinkButtonStyle.swift; sourceTree = "<group>"; };
		CE4D24C42D95C88400325BAE /* Constants.swift */ = {isa = PBXFileReference; lastKnownFileType = sourcecode.swift; path = Constants.swift; sourceTree = "<group>"; };
		CEEE9CB12DA17A3E00DF1A35 /* RoorTabBarView.swift */ = {isa = PBXFileReference; lastKnownFileType = sourcecode.swift; path = RoorTabBarView.swift; sourceTree = "<group>"; };
		CEEE9CB22DA17A3E00DF1A35 /* RootTabBarController.swift */ = {isa = PBXFileReference; lastKnownFileType = sourcecode.swift; path = RootTabBarController.swift; sourceTree = "<group>"; };
		CEEE9CB32DA17A3E00DF1A35 /* RootTabBarItem.swift */ = {isa = PBXFileReference; lastKnownFileType = sourcecode.swift; path = RootTabBarItem.swift; sourceTree = "<group>"; };
		D520404F2D89B502009D0D1D /* CornersButton.swift */ = {isa = PBXFileReference; lastKnownFileType = sourcecode.swift; path = CornersButton.swift; sourceTree = "<group>"; };
		D52040502D89B502009D0D1D /* CornersButtonStyle.swift */ = {isa = PBXFileReference; lastKnownFileType = sourcecode.swift; path = CornersButtonStyle.swift; sourceTree = "<group>"; };
		D59B58732D8C8D1A0049A3F9 /* CornersButtonsViewController.swift */ = {isa = PBXFileReference; lastKnownFileType = sourcecode.swift; path = CornersButtonsViewController.swift; sourceTree = "<group>"; };
/* End PBXFileReference section */

/* Begin PBXFrameworksBuildPhase section */
		21AA4B4A2D8160E30086697C /* Frameworks */ = {
			isa = PBXFrameworksBuildPhase;
			buildActionMask = 2147483647;
			files = (
			);
			runOnlyForDeploymentPostprocessing = 0;
		};
/* End PBXFrameworksBuildPhase section */

/* Begin PBXGroup section */
		1FA7539E2D82D81600B2324C /* TableViewCells */ = {
			isa = PBXGroup;
			children = (
				1FCF129D2D89541300386458 /* DishTableViewCell */,
				1FCF129E2D89541D00386458 /* RestaurantTableViewCell */,
			);
			path = TableViewCells;
			sourceTree = "<group>";
		};
		1FCF129C2D8953B400386458 /* Components */ = {
			isa = PBXGroup;
			children = (
				CE02B8522D933581000C0557 /* LinkButton */,
				D52040512D89B502009D0D1D /* CornersButton */,
				1FA7539E2D82D81600B2324C /* TableViewCells */,
				869875482D8860E600C7BA58 /* TextFields */,
			);
			path = Components;
			sourceTree = "<group>";
		};
		1FCF129D2D89541300386458 /* DishTableViewCell */ = {
			isa = PBXGroup;
			children = (
				1FCF12A12D89686600386458 /* DishTableViewCell.swift */,
				1F4E868A2D8814EB002D5293 /* DishCellModel.swift */,
			);
			path = DishTableViewCell;
			sourceTree = "<group>";
		};
		1FCF129E2D89541D00386458 /* RestaurantTableViewCell */ = {
			isa = PBXGroup;
			children = (
				1FA7539F2D82E13700B2324C /* RestaurantTableViewCell.swift */,
				1F4E868C2D881500002D5293 /* RestaurantCellModel.swift */,
			);
			path = RestaurantTableViewCell;
			sourceTree = "<group>";
		};
		21A606E62DB406DC007BB17C /* Services */ = {
			isa = PBXGroup;
			children = (
				21A606F02DB41E03007BB17C /* ImageService */,
				21A606EF2DB41CF8007BB17C /* NetworkService */,
			);
			path = Services;
			sourceTree = "<group>";
		};
		21A606EF2DB41CF8007BB17C /* NetworkService */ = {
			isa = PBXGroup;
			children = (
				21A606E72DB406F3007BB17C /* NetworkService.swift */,
				21A606E92DB41C8F007BB17C /* HTTPMethod.swift */,
				21A606EB2DB41CA4007BB17C /* NetworkError.swift */,
				21A606ED2DB41CC4007BB17C /* APIResponseDto.swift */,
			);
			path = NetworkService;
			sourceTree = "<group>";
		};
		21A606F02DB41E03007BB17C /* ImageService */ = {
			isa = PBXGroup;
			children = (
				21A606F12DB41E0F007BB17C /* ImageService.swift */,
			);
			path = ImageService;
			sourceTree = "<group>";
		};
		21A606F52DB42397007BB17C /* HomeScenes */ = {
			isa = PBXGroup;
			children = (
				21A606F62DB423CD007BB17C /* HomeScenesCoordinator.swift */,
				21A606F82DB42FAF007BB17C /* HomeScenesFactory.swift */,
			);
			path = HomeScenes;
			sourceTree = "<group>";
		};
		21AA4B442D8160E30086697C = {
			isa = PBXGroup;
			children = (
				3F8A0CE72DB3EDCA006EDA29 /* iaw01.xcodeproj */,
				21AA4B4F2D8160E30086697C /* iaw01 */,
				21AA4B4E2D8160E30086697C /* Products */,
			);
			sourceTree = "<group>";
		};
		21AA4B4E2D8160E30086697C /* Products */ = {
			isa = PBXGroup;
			children = (
			);
			name = Products;
			sourceTree = "<group>";
		};
		21AA4B4F2D8160E30086697C /* iaw01 */ = {
			isa = PBXGroup;
			children = (
				21AA4B6B2D817F990086697C /* Resources */,
				21AA4B772D8186400086697C /* AppDelegate */,
				21AA4B7A2D8187800086697C /* Scenes */,
				1FCF129C2D8953B400386458 /* Components */,
				21A606E62DB406DC007BB17C /* Services */,
				3F9CC6012D9193AE0079DA39 /* Extensions */,
				21AA4B792D81872E0086697C /* Configuration */,
				21AA4B7D2D818F380086697C /* README.md */,
			);
			path = iaw01;
			sourceTree = "<group>";
		};
		21AA4B6A2D817C410086697C /* RootTabBar */ = {
			isa = PBXGroup;
			children = (
				CEEE9CB22DA17A3E00DF1A35 /* RootTabBarController.swift */,
				CEEE9CB12DA17A3E00DF1A35 /* RoorTabBarView.swift */,
				CEEE9CB32DA17A3E00DF1A35 /* RootTabBarItem.swift */,
			);
			path = RootTabBar;
			sourceTree = "<group>";
		};
		21AA4B6B2D817F990086697C /* Resources */ = {
			isa = PBXGroup;
			children = (
				21AA4B592D8160E50086697C /* Assets.xcassets */,
				21AA4B732D8180A80086697C /* Font.swift */,
				21AA4B6C2D817FA50086697C /* Fonts */,
			);
			path = Resources;
			sourceTree = "<group>";
		};
		21AA4B6C2D817FA50086697C /* Fonts */ = {
			isa = PBXGroup;
			children = (
				21AA4B752D81828D0086697C /* aeonik-medium.otf */,
				21AA4B6F2D817FC00086697C /* TWKEverett-Medium.otf */,
				21AA4B712D817FC70086697C /* TWKEverett-Regular.otf */,
			);
			path = Fonts;
			sourceTree = "<group>";
		};
		21AA4B772D8186400086697C /* AppDelegate */ = {
			isa = PBXGroup;
			children = (
				21AA4B502D8160E30086697C /* AppDelegate.swift */,
				21AA4B522D8160E30086697C /* SceneDelegate.swift */,
				21AA4B642D81627D0086697C /* AppCoordinator.swift */,
				21AA4B7B2D81880A0086697C /* Factory.swift */,
				CE4D24C42D95C88400325BAE /* Constants.swift */,
				21AA4B6A2D817C410086697C /* RootTabBar */,
			);
			path = AppDelegate;
			sourceTree = "<group>";
		};
		21AA4B782D81864F0086697C /* DummyScene */ = {
			isa = PBXGroup;
			children = (
				21AA4B542D8160E30086697C /* DummyViewController.swift */,
				2182AF912D8C594600B5BF26 /* DummyView.swift */,
				2182AF932D8C690300B5BF26 /* ScenesTableViewCell.swift */,
				2182AF972D8C694900B5BF26 /* SceneType.swift */,
				2182AF952D8C692F00B5BF26 /* SceneModel.swift */,
			);
			path = DummyScene;
			sourceTree = "<group>";
		};
		21AA4B792D81872E0086697C /* Configuration */ = {
			isa = PBXGroup;
			children = (
				21AA4B5E2D8160E50086697C /* Info.plist */,
			);
			path = Configuration;
			sourceTree = "<group>";
		};
		21AA4B7A2D8187800086697C /* Scenes */ = {
			isa = PBXGroup;
			children = (
				3F8980F02DB1653C00F670A9 /* ProfileScene */,
				21A606F52DB42397007BB17C /* HomeScenes */,
				21AA4B782D81864F0086697C /* DummyScene */,
				3F6C2C102D82FBE70097587A /* VerifyPhoneNumberScene */,
				D59B58742D8C8D1A0049A3F9 /* CornersButtonsScene */,
				869875442D8860DF00C7BA58 /* TextFieldsScene */,
			);
			path = Scenes;
			sourceTree = "<group>";
		};
		3F6C2C102D82FBE70097587A /* VerifyPhoneNumberScene */ = {
			isa = PBXGroup;
			children = (
				3F6C2C112D82FC1C0097587A /* VerifyPhoneNumberViewController.swift */,
				3F93A85A2DA565B300118948 /* Views */,
			);
			path = VerifyPhoneNumberScene;
			sourceTree = "<group>";
		};
		3F8980F02DB1653C00F670A9 /* ProfileScene */ = {
			isa = PBXGroup;
			children = (
				3F9892182DCA06A400A03C65 /* ViewControllers */,
				3F9D5ACF2DBB940400846D84 /* Views */,
				3FDD671C2DC1222900238A67 /* Models */,
			);
			path = ProfileScene;
			sourceTree = "<group>";
		};
		3F93A85A2DA565B300118948 /* Views */ = {
			isa = PBXGroup;
			children = (
				3F6C2C162D8333BF0097587A /* VerifyPhoneNumberView.swift */,
				3F971A992D96B1E00056334C /* PhoneNumberInputView.swift */,
				3F45F97C2D8A15BF005BD993 /* PincodeInputView.swift */,
				3F6C1D782D8D78B7002FDCDE /* PincodeTextField.swift */,
			);
			path = Views;
			sourceTree = "<group>";
		};
		3F9892182DCA06A400A03C65 /* ViewControllers */ = {
			isa = PBXGroup;
			children = (
				3F8980F12DB1655E00F670A9 /* ProfileViewController.swift */,
				3F9892192DCA06C500A03C65 /* CropViewController.swift */,
			);
			path = ViewControllers;
			sourceTree = "<group>";
		};
		3F9CC6012D9193AE0079DA39 /* Extensions */ = {
			isa = PBXGroup;
			children = (
				86F2456E2DAFA4F90037F33C /* UIToolBar+DoneButton.swift */,
				3F9CC6022D9194090079DA39 /* Optional+Sugar.swift */,
				3F9174302D99EFED0091AEB9 /* NotificationCenter+Keyboard.swift */,
				3F98921B2DCA0AFC00A03C65 /* File.swift */,
			);
			path = Extensions;
			sourceTree = "<group>";
		};
		3F9D5ACF2DBB940400846D84 /* Views */ = {
			isa = PBXGroup;
			children = (
				3F9D5AD02DBB942000846D84 /* ProfileView.swift */,
			);
			path = Views;
			sourceTree = "<group>";
		};
		3FDD671C2DC1222900238A67 /* Models */ = {
			isa = PBXGroup;
			children = (
				3FDD671D2DC1224000238A67 /* ProfileModel.swift */,
			);
			path = Models;
			sourceTree = "<group>";
		};
		3FEC58A62DB4162700BE8BFF /* Products */ = {
			isa = PBXGroup;
			children = (
				21AA4B4D2D8160E30086697C /* iaw01.app */,
			);
			name = Products;
			sourceTree = "<group>";
		};
		863929E42D9D262600480459 /* StringTextField */ = {
			isa = PBXGroup;
			children = (
				869875462D8860E600C7BA58 /* StringTextField.swift */,
				869876BA2D8C45AB00C7BA58 /* StringTextFieldStyle.swift */,
			);
			path = StringTextField;
			sourceTree = "<group>";
		};
		863929E52D9D263A00480459 /* PhoneTextField */ = {
			isa = PBXGroup;
			children = (
				860852222D9747BA0038A9EF /* PhoneTextField.swift */,
				869878362D918ECD00C7BA58 /* PhonePrefixView.swift */,
				8680452E2D94908D00CBE1EC /* CountryPickerView.swift */,
				8680452C2D94906B00CBE1EC /* CountryPickerCell.swift */,
				868044982D94765300CBE1EC /* CountryCodeModel.swift */,
				863929E62D9D2DAA00480459 /* PhoneNumber.swift */,
			);
			path = PhoneTextField;
			sourceTree = "<group>";
		};
		869875442D8860DF00C7BA58 /* TextFieldsScene */ = {
			isa = PBXGroup;
			children = (
				869875432D8860DF00C7BA58 /* TextFieldsViewController.swift */,
			);
			path = TextFieldsScene;
			sourceTree = "<group>";
		};
		869875482D8860E600C7BA58 /* TextFields */ = {
			isa = PBXGroup;
			children = (
				869875472D8860E600C7BA58 /* TextFieldBaseStyle.swift */,
				863929E42D9D262600480459 /* StringTextField */,
				863929E52D9D263A00480459 /* PhoneTextField */,
			);
			path = TextFields;
			sourceTree = "<group>";
		};
		CE02B8522D933581000C0557 /* LinkButton */ = {
			isa = PBXGroup;
			children = (
				CE02B8502D933581000C0557 /* LinkButton.swift */,
				CE02B8512D933581000C0557 /* LinkButtonStyle.swift */,
			);
			path = LinkButton;
			sourceTree = "<group>";
		};
		D52040512D89B502009D0D1D /* CornersButton */ = {
			isa = PBXGroup;
			children = (
				D520404F2D89B502009D0D1D /* CornersButton.swift */,
				D52040502D89B502009D0D1D /* CornersButtonStyle.swift */,
			);
			path = CornersButton;
			sourceTree = "<group>";
		};
		D59B58742D8C8D1A0049A3F9 /* CornersButtonsScene */ = {
			isa = PBXGroup;
			children = (
				D59B58732D8C8D1A0049A3F9 /* CornersButtonsViewController.swift */,
			);
			path = CornersButtonsScene;
			sourceTree = "<group>";
		};
/* End PBXGroup section */

/* Begin PBXNativeTarget section */
		21AA4B4C2D8160E30086697C /* iaw01 */ = {
			isa = PBXNativeTarget;
			buildConfigurationList = 21AA4B612D8160E50086697C /* Build configuration list for PBXNativeTarget "iaw01" */;
			buildPhases = (
				21AA4B492D8160E30086697C /* Sources */,
				21AA4B4A2D8160E30086697C /* Frameworks */,
				21AA4B4B2D8160E30086697C /* Resources */,
			);
			buildRules = (
			);
			dependencies = (
			);
			name = iaw01;
			productName = iaw01;
			productReference = 21AA4B4D2D8160E30086697C /* iaw01.app */;
			productType = "com.apple.product-type.application";
		};
/* End PBXNativeTarget section */

/* Begin PBXProject section */
		21AA4B452D8160E30086697C /* Project object */ = {
			isa = PBXProject;
			attributes = {
				BuildIndependentTargetsInParallel = 1;
				LastSwiftUpdateCheck = 1530;
				LastUpgradeCheck = 1630;
				TargetAttributes = {
					21AA4B4C2D8160E30086697C = {
						CreatedOnToolsVersion = 15.3;
					};
				};
			};
			buildConfigurationList = 21AA4B482D8160E30086697C /* Build configuration list for PBXProject "iaw01" */;
			compatibilityVersion = "Xcode 14.0";
			developmentRegion = en;
			hasScannedForEncodings = 0;
			knownRegions = (
				en,
				Base,
			);
			mainGroup = 21AA4B442D8160E30086697C;
			packageReferences = (
			);
			productRefGroup = 21AA4B4E2D8160E30086697C /* Products */;
			projectDirPath = "";
			projectReferences = (
				{
					ProductGroup = 3FEC58A62DB4162700BE8BFF /* Products */;
					ProjectRef = 3F8A0CE72DB3EDCA006EDA29 /* iaw01.xcodeproj */;
				},
			);
			projectRoot = "";
			targets = (
				21AA4B4C2D8160E30086697C /* iaw01 */,
			);
		};
/* End PBXProject section */

/* Begin PBXResourcesBuildPhase section */
		21AA4B4B2D8160E30086697C /* Resources */ = {
			isa = PBXResourcesBuildPhase;
			buildActionMask = 2147483647;
			files = (
				21AA4B762D81828D0086697C /* aeonik-medium.otf in Resources */,
				21AA4B722D817FC70086697C /* TWKEverett-Regular.otf in Resources */,
				21AA4B702D817FC00086697C /* TWKEverett-Medium.otf in Resources */,
				21AA4B5A2D8160E50086697C /* Assets.xcassets in Resources */,
			);
			runOnlyForDeploymentPostprocessing = 0;
		};
/* End PBXResourcesBuildPhase section */

/* Begin PBXSourcesBuildPhase section */
		21AA4B492D8160E30086697C /* Sources */ = {
			isa = PBXSourcesBuildPhase;
			buildActionMask = 2147483647;
			files = (
				21AA4B7C2D81880A0086697C /* Factory.swift in Sources */,
				3F971A9A2D96B1E00056334C /* PhoneNumberInputView.swift in Sources */,
				21AA4B742D8180A80086697C /* Font.swift in Sources */,
				21A606F72DB423CD007BB17C /* HomeScenesCoordinator.swift in Sources */,
				3F9CC6032D9194090079DA39 /* Optional+Sugar.swift in Sources */,
				860852232D9747BA0038A9EF /* PhoneTextField.swift in Sources */,
				2182AF942D8C690300B5BF26 /* ScenesTableViewCell.swift in Sources */,
				868044992D94765400CBE1EC /* CountryCodeModel.swift in Sources */,
				86F2456F2DAFA4F90037F33C /* UIToolBar+DoneButton.swift in Sources */,
				869878372D918ECD00C7BA58 /* PhonePrefixView.swift in Sources */,
				8680452D2D94906B00CBE1EC /* CountryPickerCell.swift in Sources */,
				8698754A2D8860E600C7BA58 /* StringTextField.swift in Sources */,
				8698754B2D8860E600C7BA58 /* TextFieldBaseStyle.swift in Sources */,
				869875452D8860DF00C7BA58 /* TextFieldsViewController.swift in Sources */,
				21A606F22DB41E0F007BB17C /* ImageService.swift in Sources */,
				CE4D24C52D95C88E00325BAE /* Constants.swift in Sources */,
				863929E72D9D2DAA00480459 /* PhoneNumber.swift in Sources */,
				3F6C2C172D8333BF0097587A /* VerifyPhoneNumberView.swift in Sources */,
				869876BB2D8C45AB00C7BA58 /* StringTextFieldStyle.swift in Sources */,
				D59B58752D8C8D1A0049A3F9 /* CornersButtonsViewController.swift in Sources */,
				3F9174312D99EFED0091AEB9 /* NotificationCenter+Keyboard.swift in Sources */,
				2182AF922D8C594600B5BF26 /* DummyView.swift in Sources */,
				21AA4B652D81627D0086697C /* AppCoordinator.swift in Sources */,
				1FA753A02D82E13700B2324C /* RestaurantTableViewCell.swift in Sources */,
				21A606EC2DB41CA4007BB17C /* NetworkError.swift in Sources */,
				3F6C1D792D8D78B7002FDCDE /* PincodeTextField.swift in Sources */,
				CE02B8532D933581000C0557 /* LinkButton.swift in Sources */,
				21A606F92DB42FAF007BB17C /* HomeScenesFactory.swift in Sources */,
				CEEE9CB42DA17A3E00DF1A35 /* RootTabBarController.swift in Sources */,
				CEEE9CB52DA17A3E00DF1A35 /* RoorTabBarView.swift in Sources */,
				21A606E82DB406F3007BB17C /* NetworkService.swift in Sources */,
				CEEE9CB62DA17A3E00DF1A35 /* RootTabBarItem.swift in Sources */,
				3F9D5AD12DBB942000846D84 /* ProfileView.swift in Sources */,
				21A606EE2DB41CC4007BB17C /* APIResponseDto.swift in Sources */,
				CE02B8542D933581000C0557 /* LinkButtonStyle.swift in Sources */,
				3F45F97D2D8A15BF005BD993 /* PincodeInputView.swift in Sources */,
				3F6C2C122D82FC1C0097587A /* VerifyPhoneNumberViewController.swift in Sources */,
				21AA4B552D8160E30086697C /* DummyViewController.swift in Sources */,
				1F497FC42D8C0A460040CBF3 /* DishCellModel.swift in Sources */,
				3FDD671E2DC1224000238A67 /* ProfileModel.swift in Sources */,
				2182AF962D8C692F00B5BF26 /* SceneModel.swift in Sources */,
				21AA4B512D8160E30086697C /* AppDelegate.swift in Sources */,
				3F98921A2DCA06C500A03C65 /* CropViewController.swift in Sources */,
				1FCF12A22D89686600386458 /* DishTableViewCell.swift in Sources */,
				1F4E868D2D881500002D5293 /* RestaurantCellModel.swift in Sources */,
				2182AF982D8C694900B5BF26 /* SceneType.swift in Sources */,
				21A606EA2DB41C8F007BB17C /* HTTPMethod.swift in Sources */,
				D52040522D89B502009D0D1D /* CornersButtonStyle.swift in Sources */,
				3F8980F22DB1655E00F670A9 /* ProfileViewController.swift in Sources */,
				D52040532D89B502009D0D1D /* CornersButton.swift in Sources */,
				3F98921C2DCA0AFC00A03C65 /* File.swift in Sources */,
				21AA4B532D8160E30086697C /* SceneDelegate.swift in Sources */,
				8680452F2D94908D00CBE1EC /* CountryPickerView.swift in Sources */,
			);
			runOnlyForDeploymentPostprocessing = 0;
		};
/* End PBXSourcesBuildPhase section */

/* Begin XCBuildConfiguration section */
		21AA4B5F2D8160E50086697C /* Debug */ = {
			isa = XCBuildConfiguration;
			buildSettings = {
				ALWAYS_SEARCH_USER_PATHS = NO;
				ASSETCATALOG_COMPILER_GENERATE_SWIFT_ASSET_SYMBOL_EXTENSIONS = YES;
				CLANG_ANALYZER_NONNULL = YES;
				CLANG_ANALYZER_NUMBER_OBJECT_CONVERSION = YES_AGGRESSIVE;
				CLANG_CXX_LANGUAGE_STANDARD = "gnu++20";
				CLANG_ENABLE_MODULES = YES;
				CLANG_ENABLE_OBJC_ARC = YES;
				CLANG_ENABLE_OBJC_WEAK = YES;
				CLANG_WARN_BLOCK_CAPTURE_AUTORELEASING = YES;
				CLANG_WARN_BOOL_CONVERSION = YES;
				CLANG_WARN_COMMA = YES;
				CLANG_WARN_CONSTANT_CONVERSION = YES;
				CLANG_WARN_DEPRECATED_OBJC_IMPLEMENTATIONS = YES;
				CLANG_WARN_DIRECT_OBJC_ISA_USAGE = YES_ERROR;
				CLANG_WARN_DOCUMENTATION_COMMENTS = YES;
				CLANG_WARN_EMPTY_BODY = YES;
				CLANG_WARN_ENUM_CONVERSION = YES;
				CLANG_WARN_INFINITE_RECURSION = YES;
				CLANG_WARN_INT_CONVERSION = YES;
				CLANG_WARN_NON_LITERAL_NULL_CONVERSION = YES;
				CLANG_WARN_OBJC_IMPLICIT_RETAIN_SELF = YES;
				CLANG_WARN_OBJC_LITERAL_CONVERSION = YES;
				CLANG_WARN_OBJC_ROOT_CLASS = YES_ERROR;
				CLANG_WARN_QUOTED_INCLUDE_IN_FRAMEWORK_HEADER = YES;
				CLANG_WARN_RANGE_LOOP_ANALYSIS = YES;
				CLANG_WARN_STRICT_PROTOTYPES = YES;
				CLANG_WARN_SUSPICIOUS_MOVE = YES;
				CLANG_WARN_UNGUARDED_AVAILABILITY = YES_AGGRESSIVE;
				CLANG_WARN_UNREACHABLE_CODE = YES;
				CLANG_WARN__DUPLICATE_METHOD_MATCH = YES;
				COPY_PHASE_STRIP = NO;
				DEBUG_INFORMATION_FORMAT = dwarf;
				ENABLE_STRICT_OBJC_MSGSEND = YES;
				ENABLE_TESTABILITY = YES;
				ENABLE_USER_SCRIPT_SANDBOXING = YES;
				GCC_C_LANGUAGE_STANDARD = gnu17;
				GCC_DYNAMIC_NO_PIC = NO;
				GCC_NO_COMMON_BLOCKS = YES;
				GCC_OPTIMIZATION_LEVEL = 0;
				GCC_PREPROCESSOR_DEFINITIONS = (
					"DEBUG=1",
					"$(inherited)",
				);
				GCC_WARN_64_TO_32_BIT_CONVERSION = YES;
				GCC_WARN_ABOUT_RETURN_TYPE = YES_ERROR;
				GCC_WARN_UNDECLARED_SELECTOR = YES;
				GCC_WARN_UNINITIALIZED_AUTOS = YES_AGGRESSIVE;
				GCC_WARN_UNUSED_FUNCTION = YES;
				GCC_WARN_UNUSED_VARIABLE = YES;
				IPHONEOS_DEPLOYMENT_TARGET = 17.4;
				LOCALIZATION_PREFERS_STRING_CATALOGS = YES;
				MTL_ENABLE_DEBUG_INFO = INCLUDE_SOURCE;
				MTL_FAST_MATH = YES;
				ONLY_ACTIVE_ARCH = YES;
				SDKROOT = iphoneos;
				SWIFT_ACTIVE_COMPILATION_CONDITIONS = "DEBUG $(inherited)";
				SWIFT_OPTIMIZATION_LEVEL = "-Onone";
			};
			name = Debug;
		};
		21AA4B602D8160E50086697C /* Release */ = {
			isa = XCBuildConfiguration;
			buildSettings = {
				ALWAYS_SEARCH_USER_PATHS = NO;
				ASSETCATALOG_COMPILER_GENERATE_SWIFT_ASSET_SYMBOL_EXTENSIONS = YES;
				CLANG_ANALYZER_NONNULL = YES;
				CLANG_ANALYZER_NUMBER_OBJECT_CONVERSION = YES_AGGRESSIVE;
				CLANG_CXX_LANGUAGE_STANDARD = "gnu++20";
				CLANG_ENABLE_MODULES = YES;
				CLANG_ENABLE_OBJC_ARC = YES;
				CLANG_ENABLE_OBJC_WEAK = YES;
				CLANG_WARN_BLOCK_CAPTURE_AUTORELEASING = YES;
				CLANG_WARN_BOOL_CONVERSION = YES;
				CLANG_WARN_COMMA = YES;
				CLANG_WARN_CONSTANT_CONVERSION = YES;
				CLANG_WARN_DEPRECATED_OBJC_IMPLEMENTATIONS = YES;
				CLANG_WARN_DIRECT_OBJC_ISA_USAGE = YES_ERROR;
				CLANG_WARN_DOCUMENTATION_COMMENTS = YES;
				CLANG_WARN_EMPTY_BODY = YES;
				CLANG_WARN_ENUM_CONVERSION = YES;
				CLANG_WARN_INFINITE_RECURSION = YES;
				CLANG_WARN_INT_CONVERSION = YES;
				CLANG_WARN_NON_LITERAL_NULL_CONVERSION = YES;
				CLANG_WARN_OBJC_IMPLICIT_RETAIN_SELF = YES;
				CLANG_WARN_OBJC_LITERAL_CONVERSION = YES;
				CLANG_WARN_OBJC_ROOT_CLASS = YES_ERROR;
				CLANG_WARN_QUOTED_INCLUDE_IN_FRAMEWORK_HEADER = YES;
				CLANG_WARN_RANGE_LOOP_ANALYSIS = YES;
				CLANG_WARN_STRICT_PROTOTYPES = YES;
				CLANG_WARN_SUSPICIOUS_MOVE = YES;
				CLANG_WARN_UNGUARDED_AVAILABILITY = YES_AGGRESSIVE;
				CLANG_WARN_UNREACHABLE_CODE = YES;
				CLANG_WARN__DUPLICATE_METHOD_MATCH = YES;
				COPY_PHASE_STRIP = NO;
				DEBUG_INFORMATION_FORMAT = "dwarf-with-dsym";
				ENABLE_NS_ASSERTIONS = NO;
				ENABLE_STRICT_OBJC_MSGSEND = YES;
				ENABLE_USER_SCRIPT_SANDBOXING = YES;
				GCC_C_LANGUAGE_STANDARD = gnu17;
				GCC_NO_COMMON_BLOCKS = YES;
				GCC_WARN_64_TO_32_BIT_CONVERSION = YES;
				GCC_WARN_ABOUT_RETURN_TYPE = YES_ERROR;
				GCC_WARN_UNDECLARED_SELECTOR = YES;
				GCC_WARN_UNINITIALIZED_AUTOS = YES_AGGRESSIVE;
				GCC_WARN_UNUSED_FUNCTION = YES;
				GCC_WARN_UNUSED_VARIABLE = YES;
				IPHONEOS_DEPLOYMENT_TARGET = 17.4;
				LOCALIZATION_PREFERS_STRING_CATALOGS = YES;
				MTL_ENABLE_DEBUG_INFO = NO;
				MTL_FAST_MATH = YES;
				SDKROOT = iphoneos;
				SWIFT_COMPILATION_MODE = wholemodule;
				VALIDATE_PRODUCT = YES;
			};
			name = Release;
		};
		21AA4B622D8160E50086697C /* Debug */ = {
			isa = XCBuildConfiguration;
			buildSettings = {
				ASSETCATALOG_COMPILER_APPICON_NAME = AppIcon;
				ASSETCATALOG_COMPILER_GLOBAL_ACCENT_COLOR_NAME = AccentColor;
				CODE_SIGN_STYLE = Automatic;
				CURRENT_PROJECT_VERSION = 1;
				DEVELOPMENT_TEAM = 29RYDJC44R;
				GENERATE_INFOPLIST_FILE = YES;
				INFOPLIST_FILE = iaw01/Configuration/Info.plist;
				INFOPLIST_KEY_UIApplicationSupportsIndirectInputEvents = YES;
				INFOPLIST_KEY_UILaunchStoryboardName = LaunchScreen;
				INFOPLIST_KEY_UIMainStoryboardFile = "";
				INFOPLIST_KEY_UISupportedInterfaceOrientations = UIInterfaceOrientationPortrait;
				INFOPLIST_KEY_UISupportedInterfaceOrientations_iPad = "UIInterfaceOrientationLandscapeLeft UIInterfaceOrientationLandscapeRight UIInterfaceOrientationPortrait UIInterfaceOrientationPortraitUpsideDown";
				IPHONEOS_DEPLOYMENT_TARGET = 16.0;
				LD_RUNPATH_SEARCH_PATHS = (
					"$(inherited)",
					"@executable_path/Frameworks",
				);
				MARKETING_VERSION = 1.0;
				PRODUCT_BUNDLE_IDENTIFIER = ru.trambalda.iaw01;
				PRODUCT_NAME = "$(TARGET_NAME)";
				SUPPORTED_PLATFORMS = "iphoneos iphonesimulator";
				SUPPORTS_MACCATALYST = NO;
				SUPPORTS_MAC_DESIGNED_FOR_IPHONE_IPAD = NO;
				SUPPORTS_XR_DESIGNED_FOR_IPHONE_IPAD = NO;
				SWIFT_EMIT_LOC_STRINGS = YES;
				SWIFT_VERSION = 5.0;
				TARGETED_DEVICE_FAMILY = 1;
			};
			name = Debug;
		};
		21AA4B632D8160E50086697C /* Release */ = {
			isa = XCBuildConfiguration;
			buildSettings = {
				ASSETCATALOG_COMPILER_APPICON_NAME = AppIcon;
				ASSETCATALOG_COMPILER_GLOBAL_ACCENT_COLOR_NAME = AccentColor;
				CODE_SIGN_STYLE = Automatic;
				CURRENT_PROJECT_VERSION = 1;
				DEVELOPMENT_TEAM = 29RYDJC44R;
				GENERATE_INFOPLIST_FILE = YES;
				INFOPLIST_FILE = iaw01/Configuration/Info.plist;
				INFOPLIST_KEY_UIApplicationSupportsIndirectInputEvents = YES;
				INFOPLIST_KEY_UILaunchStoryboardName = LaunchScreen;
				INFOPLIST_KEY_UIMainStoryboardFile = "";
				INFOPLIST_KEY_UISupportedInterfaceOrientations = UIInterfaceOrientationPortrait;
				INFOPLIST_KEY_UISupportedInterfaceOrientations_iPad = "UIInterfaceOrientationLandscapeLeft UIInterfaceOrientationLandscapeRight UIInterfaceOrientationPortrait UIInterfaceOrientationPortraitUpsideDown";
				IPHONEOS_DEPLOYMENT_TARGET = 16.0;
				LD_RUNPATH_SEARCH_PATHS = (
					"$(inherited)",
					"@executable_path/Frameworks",
				);
				MARKETING_VERSION = 1.0;
				PRODUCT_BUNDLE_IDENTIFIER = ru.trambalda.iaw01;
				PRODUCT_NAME = "$(TARGET_NAME)";
				SUPPORTED_PLATFORMS = "iphoneos iphonesimulator";
				SUPPORTS_MACCATALYST = NO;
				SUPPORTS_MAC_DESIGNED_FOR_IPHONE_IPAD = NO;
				SUPPORTS_XR_DESIGNED_FOR_IPHONE_IPAD = NO;
				SWIFT_EMIT_LOC_STRINGS = YES;
				SWIFT_VERSION = 5.0;
				TARGETED_DEVICE_FAMILY = 1;
			};
			name = Release;
		};
/* End XCBuildConfiguration section */

/* Begin XCConfigurationList section */
		21AA4B482D8160E30086697C /* Build configuration list for PBXProject "iaw01" */ = {
			isa = XCConfigurationList;
			buildConfigurations = (
				21AA4B5F2D8160E50086697C /* Debug */,
				21AA4B602D8160E50086697C /* Release */,
			);
			defaultConfigurationIsVisible = 0;
			defaultConfigurationName = Release;
		};
		21AA4B612D8160E50086697C /* Build configuration list for PBXNativeTarget "iaw01" */ = {
			isa = XCConfigurationList;
			buildConfigurations = (
				21AA4B622D8160E50086697C /* Debug */,
				21AA4B632D8160E50086697C /* Release */,
			);
			defaultConfigurationIsVisible = 0;
			defaultConfigurationName = Release;
		};
/* End XCConfigurationList section */
	};
	rootObject = 21AA4B452D8160E30086697C /* Project object */;
}
